// !$*UTF8*$!
{
	archiveVersion = 1;
	classes = {
	};
	objectVersion = 56;
	objects = {

/* Begin PBXBuildFile section */
		210337172AD1518500B88BCC /* Enum+AlertConfirmText.swift in Sources */ = {isa = PBXBuildFile; fileRef = 210337162AD1518500B88BCC /* Enum+AlertConfirmText.swift */; };
		210337192AD18C0D00B88BCC /* Extension+UICollectionView.swift in Sources */ = {isa = PBXBuildFile; fileRef = 210337182AD18C0D00B88BCC /* Extension+UICollectionView.swift */; };
		2103371B2AD18FB300B88BCC /* ImageString.swift in Sources */ = {isa = PBXBuildFile; fileRef = 2103371A2AD18FB300B88BCC /* ImageString.swift */; };
		210821202AC85E5D00A999AC /* AppDelegate.swift in Sources */ = {isa = PBXBuildFile; fileRef = 2108211F2AC85E5D00A999AC /* AppDelegate.swift */; };
		210821222AC85E5D00A999AC /* SceneDelegate.swift in Sources */ = {isa = PBXBuildFile; fileRef = 210821212AC85E5D00A999AC /* SceneDelegate.swift */; };
		210821242AC85E5D00A999AC /* NewsSearchViewController.swift in Sources */ = {isa = PBXBuildFile; fileRef = 210821232AC85E5D00A999AC /* NewsSearchViewController.swift */; };
		210821292AC85E5E00A999AC /* Assets.xcassets in Resources */ = {isa = PBXBuildFile; fileRef = 210821282AC85E5E00A999AC /* Assets.xcassets */; };
		2108212C2AC85E5E00A999AC /* LaunchScreen.storyboard in Resources */ = {isa = PBXBuildFile; fileRef = 2108212A2AC85E5E00A999AC /* LaunchScreen.storyboard */; };
		210821342AC85E9300A999AC /* .gitignore in Resources */ = {isa = PBXBuildFile; fileRef = 210821332AC85E9300A999AC /* .gitignore */; };
		210821382AC85FFF00A999AC /* NewsSearchViewModel.swift in Sources */ = {isa = PBXBuildFile; fileRef = 210821372AC85FFF00A999AC /* NewsSearchViewModel.swift */; };
		2108213E2AC862EF00A999AC /* TabBarController.swift in Sources */ = {isa = PBXBuildFile; fileRef = 2108213D2AC862EF00A999AC /* TabBarController.swift */; };
		210821402AC8633A00A999AC /* JournalViewController.swift in Sources */ = {isa = PBXBuildFile; fileRef = 2108213F2AC8633A00A999AC /* JournalViewController.swift */; };
		210821432AC8636500A999AC /* JournalViewModel.swift in Sources */ = {isa = PBXBuildFile; fileRef = 210821422AC8636500A999AC /* JournalViewModel.swift */; };
		2108214C2AC864AF00A999AC /* Frame.swift in Sources */ = {isa = PBXBuildFile; fileRef = 2108214B2AC864AF00A999AC /* Frame.swift */; };
		2108214E2AC864C900A999AC /* Color.swift in Sources */ = {isa = PBXBuildFile; fileRef = 2108214D2AC864C900A999AC /* Color.swift */; };
		210821512AC8652300A999AC /* NaverNewsAPIStruct.swift in Sources */ = {isa = PBXBuildFile; fileRef = 210821502AC8652300A999AC /* NaverNewsAPIStruct.swift */; };
		210821532AC8653300A999AC /* BookMarkedNewsWithMemoAndTag.swift in Sources */ = {isa = PBXBuildFile; fileRef = 210821522AC8653300A999AC /* BookMarkedNewsWithMemoAndTag.swift */; };
		210821602AC869B400A999AC /* Network.swift in Sources */ = {isa = PBXBuildFile; fileRef = 2108215F2AC869B400A999AC /* Network.swift */; };
		210821622AC869B900A999AC /* NaverRouter.swift in Sources */ = {isa = PBXBuildFile; fileRef = 210821612AC869B900A999AC /* NaverRouter.swift */; };
		210821642AC869F300A999AC /* Repository.swift in Sources */ = {isa = PBXBuildFile; fileRef = 210821632AC869F300A999AC /* Repository.swift */; };
		210821672AC86AA600A999AC /* BaseViewController.swift in Sources */ = {isa = PBXBuildFile; fileRef = 210821662AC86AA600A999AC /* BaseViewController.swift */; };
		210821692AC86ACD00A999AC /* WebViewController.swift in Sources */ = {isa = PBXBuildFile; fileRef = 210821682AC86ACD00A999AC /* WebViewController.swift */; };
		2108216B2AC86AD700A999AC /* WebViewModel.swift in Sources */ = {isa = PBXBuildFile; fileRef = 2108216A2AC86AD700A999AC /* WebViewModel.swift */; };
		2108216E2AC86AF200A999AC /* MemoViewController.swift in Sources */ = {isa = PBXBuildFile; fileRef = 2108216D2AC86AF200A999AC /* MemoViewController.swift */; };
		210821712AC86BA100A999AC /* MemoViewModel.swift in Sources */ = {isa = PBXBuildFile; fileRef = 210821702AC86BA100A999AC /* MemoViewModel.swift */; };
		210821742AC86D5700A999AC /* UserDefaultsManager.swift in Sources */ = {isa = PBXBuildFile; fileRef = 210821732AC86D5700A999AC /* UserDefaultsManager.swift */; };
		210821772AC86D7E00A999AC /* Extension+NotificationName.swift in Sources */ = {isa = PBXBuildFile; fileRef = 210821762AC86D7E00A999AC /* Extension+NotificationName.swift */; };
		210821792AC8725700A999AC /* Observable.swift in Sources */ = {isa = PBXBuildFile; fileRef = 210821782AC8725700A999AC /* Observable.swift */; };
		211E7A582AE90F8400658ED2 /* Enum+NotificationUserInfoName.swift in Sources */ = {isa = PBXBuildFile; fileRef = 211E7A572AE90F8400658ED2 /* Enum+NotificationUserInfoName.swift */; };
		211E7A5A2AE96D7E00658ED2 /* Enum+APIType.swift in Sources */ = {isa = PBXBuildFile; fileRef = 211E7A592AE96D7E00658ED2 /* Enum+APIType.swift */; };
		211F01002AE3C4C100E0249B /* Enum+SearchAPIType.swift in Sources */ = {isa = PBXBuildFile; fileRef = 211F00FF2AE3C4C100E0249B /* Enum+SearchAPIType.swift */; };
		211F01032AE4492D00E0249B /* CustomSearchOptionButton.swift in Sources */ = {isa = PBXBuildFile; fileRef = 211F01022AE4492D00E0249B /* CustomSearchOptionButton.swift */; };
		212065B62AFFCD3E000A5245 /* GoogleService-Info.plist in Resources */ = {isa = PBXBuildFile; fileRef = 212065B52AFFCD3E000A5245 /* GoogleService-Info.plist */; };
		212065B92AFFCDDE000A5245 /* FirebaseAnalyticsWithoutAdIdSupport in Frameworks */ = {isa = PBXBuildFile; productRef = 212065B82AFFCDDE000A5245 /* FirebaseAnalyticsWithoutAdIdSupport */; };
		212065BB2AFFCDDE000A5245 /* FirebaseCrashlytics in Frameworks */ = {isa = PBXBuildFile; productRef = 212065BA2AFFCDDE000A5245 /* FirebaseCrashlytics */; };
		212065BD2AFFCDDE000A5245 /* FirebaseMessaging in Frameworks */ = {isa = PBXBuildFile; productRef = 212065BC2AFFCDDE000A5245 /* FirebaseMessaging */; };
		212065C12B0007ED000A5245 /* APIKey.swift in Sources */ = {isa = PBXBuildFile; fileRef = 212065C02B0007ED000A5245 /* APIKey.swift */; };
		212065C32B00082C000A5245 /* GoogleService-Info.plist in Resources */ = {isa = PBXBuildFile; fileRef = 212065C22B00082C000A5245 /* GoogleService-Info.plist */; };
		21290CA92AD563C2001FAA49 /* OnBoardingViewController.swift in Sources */ = {isa = PBXBuildFile; fileRef = 21290CA82AD563C2001FAA49 /* OnBoardingViewController.swift */; };
		21290CC12AD56B9A001FAA49 /* Enum+OnBoardingSetupValues.swift in Sources */ = {isa = PBXBuildFile; fileRef = 21290CC02AD56B9A001FAA49 /* Enum+OnBoardingSetupValues.swift */; };
		21290CC32AD56E19001FAA49 /* OnBoardingViewModel.swift in Sources */ = {isa = PBXBuildFile; fileRef = 21290CC22AD56E19001FAA49 /* OnBoardingViewModel.swift */; };
		212B0E8A2AD934EC0006FD1A /* Enum+MappingURLPress.swift in Sources */ = {isa = PBXBuildFile; fileRef = 212B0E892AD934EC0006FD1A /* Enum+MappingURLPress.swift */; };
		212B0E8D2AD9B87B0006FD1A /* Tabman in Frameworks */ = {isa = PBXBuildFile; productRef = 212B0E8C2AD9B87B0006FD1A /* Tabman */; };
		212B0E912AD9B93F0006FD1A /* DefaultNaverNewsViewController.swift in Sources */ = {isa = PBXBuildFile; fileRef = 212B0E902AD9B93F0006FD1A /* DefaultNaverNewsViewController.swift */; };
		212B0E932AD9B9850006FD1A /* DefaultMediaStackNewsViewController.swift in Sources */ = {isa = PBXBuildFile; fileRef = 212B0E922AD9B9850006FD1A /* DefaultMediaStackNewsViewController.swift */; };
		212CE3052AD923F600A56AD0 /* DefaultNewsHomeViewController.swift in Sources */ = {isa = PBXBuildFile; fileRef = 212CE3042AD923F500A56AD0 /* DefaultNewsHomeViewController.swift */; };
		212CE3072AD9281F00A56AD0 /* MediaStackNewsAPIStruct.swift in Sources */ = {isa = PBXBuildFile; fileRef = 212CE3062AD9281F00A56AD0 /* MediaStackNewsAPIStruct.swift */; };
		212CE30A2AD928CA00A56AD0 /* UserSearchKeyword.swift in Sources */ = {isa = PBXBuildFile; fileRef = 212CE3092AD928CA00A56AD0 /* UserSearchKeyword.swift */; };
		212DD73F2AE5855100409855 /* NewsAPIRouter.swift in Sources */ = {isa = PBXBuildFile; fileRef = 212DD73E2AE5855100409855 /* NewsAPIRouter.swift */; };
		212DD7412AE5862000409855 /* Enum+NewsAPINetworkError.swift in Sources */ = {isa = PBXBuildFile; fileRef = 212DD7402AE5862000409855 /* Enum+NewsAPINetworkError.swift */; };
		212DD7432AE58A4F00409855 /* Enum+NewsAPISearchSortType.swift in Sources */ = {isa = PBXBuildFile; fileRef = 212DD7422AE58A4F00409855 /* Enum+NewsAPISearchSortType.swift */; };
		212DD7452AE58BE200409855 /* NewsAPIStruct.swift in Sources */ = {isa = PBXBuildFile; fileRef = 212DD7442AE58BE200409855 /* NewsAPIStruct.swift */; };
		213AAC7B2AC952BE001BF9AC /* Enum+ViewControllerType.swift in Sources */ = {isa = PBXBuildFile; fileRef = 213AAC7A2AC952BE001BF9AC /* Enum+ViewControllerType.swift */; };
		213AAC7D2AC95F6D001BF9AC /* CustomTagButton.swift in Sources */ = {isa = PBXBuildFile; fileRef = 213AAC7C2AC95F6D001BF9AC /* CustomTagButton.swift */; };
		213AAC7F2AC95FEA001BF9AC /* Enum+TagType.swift in Sources */ = {isa = PBXBuildFile; fileRef = 213AAC7E2AC95FEA001BF9AC /* Enum+TagType.swift */; };
		213AAC822AC960C7001BF9AC /* Font.swift in Sources */ = {isa = PBXBuildFile; fileRef = 213AAC812AC960C7001BF9AC /* Font.swift */; };
		213AAC842AC962E5001BF9AC /* CustomSearchBar.swift in Sources */ = {isa = PBXBuildFile; fileRef = 213AAC832AC962E5001BF9AC /* CustomSearchBar.swift */; };
		213AAC8A2AC9A11A001BF9AC /* CustomBarButtonItem.swift in Sources */ = {isa = PBXBuildFile; fileRef = 213AAC892AC9A11A001BF9AC /* CustomBarButtonItem.swift */; };
		213AAC8C2AC9A485001BF9AC /* Enum+BarButtonType.swift in Sources */ = {isa = PBXBuildFile; fileRef = 213AAC8B2AC9A485001BF9AC /* Enum+BarButtonType.swift */; };
		213AAC8F2AC9AABC001BF9AC /* PDFDocumentCreator.swift in Sources */ = {isa = PBXBuildFile; fileRef = 213AAC8E2AC9AABC001BF9AC /* PDFDocumentCreator.swift */; };
		213AAC912AC9AB03001BF9AC /* PDFViewModel.swift in Sources */ = {isa = PBXBuildFile; fileRef = 213AAC902AC9AB03001BF9AC /* PDFViewModel.swift */; };
		213AAC932AC9AB9B001BF9AC /* PDFViewController.swift in Sources */ = {isa = PBXBuildFile; fileRef = 213AAC922AC9AB9B001BF9AC /* PDFViewController.swift */; };
		213AAC952AC9B13D001BF9AC /* Enum+LPError.swift in Sources */ = {isa = PBXBuildFile; fileRef = 213AAC942AC9B13D001BF9AC /* Enum+LPError.swift */; };
		213AAC972AC9BC3C001BF9AC /* Enum+NaverNewsSearchSortType.swift in Sources */ = {isa = PBXBuildFile; fileRef = 213AAC962AC9BC3C001BF9AC /* Enum+NaverNewsSearchSortType.swift */; };
		216887E42ACE451F008A8A40 /* Enum+MemoSetupValues.swift in Sources */ = {isa = PBXBuildFile; fileRef = 216887E32ACE451F008A8A40 /* Enum+MemoSetupValues.swift */; };
		216887E72ACE45E1008A8A40 /* CustomTextView.swift in Sources */ = {isa = PBXBuildFile; fileRef = 216887E62ACE45E1008A8A40 /* CustomTextView.swift */; };
		216887EA2ACE4671008A8A40 /* CustomTextField.swift in Sources */ = {isa = PBXBuildFile; fileRef = 216887E92ACE4671008A8A40 /* CustomTextField.swift */; };
		216887EC2ACE74A5008A8A40 /* Enum+MemoError.swift in Sources */ = {isa = PBXBuildFile; fileRef = 216887EB2ACE74A5008A8A40 /* Enum+MemoError.swift */; };
		216887EF2ACE758A008A8A40 /* Enum+UserDefaultsError.swift in Sources */ = {isa = PBXBuildFile; fileRef = 216887EE2ACE758A008A8A40 /* Enum+UserDefaultsError.swift */; };
		216887FE2ACEF7CD008A8A40 /* CustomPullDownButton.swift in Sources */ = {isa = PBXBuildFile; fileRef = 216887FD2ACEF7CD008A8A40 /* CustomPullDownButton.swift */; };
		217FC70D2ADAE18700ED14EE /* DTONewsAPI.swift in Sources */ = {isa = PBXBuildFile; fileRef = 217FC70C2ADAE18700ED14EE /* DTONewsAPI.swift */; };
		217FC70F2ADAE42100ED14EE /* DefaultNaverNewsViewModel.swift in Sources */ = {isa = PBXBuildFile; fileRef = 217FC70E2ADAE42100ED14EE /* DefaultNaverNewsViewModel.swift */; };
		217FC7122ADAE43F00ED14EE /* DefaultMediaStackNewsViewModel.swift in Sources */ = {isa = PBXBuildFile; fileRef = 217FC7112ADAE43F00ED14EE /* DefaultMediaStackNewsViewModel.swift */; };
		217FC7152ADAF94700ED14EE /* DefaultNaverNewsCell.swift in Sources */ = {isa = PBXBuildFile; fileRef = 217FC7142ADAF94700ED14EE /* DefaultNaverNewsCell.swift */; };
		217FC7182ADAF99800ED14EE /* DefaultNaverNewsCellViewModel.swift in Sources */ = {isa = PBXBuildFile; fileRef = 217FC7172ADAF99800ED14EE /* DefaultNaverNewsCellViewModel.swift */; };
		217FC71B2ADAFA1200ED14EE /* Extension+Data.swift in Sources */ = {isa = PBXBuildFile; fileRef = 217FC71A2ADAFA1200ED14EE /* Extension+Data.swift */; };
		217FC71D2ADAFA5300ED14EE /* CacheManager.swift in Sources */ = {isa = PBXBuildFile; fileRef = 217FC71C2ADAFA5300ED14EE /* CacheManager.swift */; };
		217FC7202ADAFCB900ED14EE /* Extension+CacheManager.swift in Sources */ = {isa = PBXBuildFile; fileRef = 217FC71F2ADAFCB900ED14EE /* Extension+CacheManager.swift */; };
		217FC7222ADAFD4D00ED14EE /* Enum+CacheManagerError.swift in Sources */ = {isa = PBXBuildFile; fileRef = 217FC7212ADAFD4D00ED14EE /* Enum+CacheManagerError.swift */; };
		2180E5632ACB131000CAC283 /* Enum+JournalRealmSetupValues.swift in Sources */ = {isa = PBXBuildFile; fileRef = 2180E5622ACB131000CAC283 /* Enum+JournalRealmSetupValues.swift */; };
		2180E5662ACB197E00CAC283 /* Extension+String.swift in Sources */ = {isa = PBXBuildFile; fileRef = 2180E5652ACB197E00CAC283 /* Extension+String.swift */; };
		2180E5692ACB19AF00CAC283 /* Extension+NSAttributedString.swift in Sources */ = {isa = PBXBuildFile; fileRef = 2180E5682ACB19AF00CAC283 /* Extension+NSAttributedString.swift */; };
		2187A38F2AE7A09B0050F60A /* Enum+WebViewSetupValues.swift in Sources */ = {isa = PBXBuildFile; fileRef = 2187A38E2AE7A09B0050F60A /* Enum+WebViewSetupValues.swift */; };
		2187A3912AE808ED0050F60A /* BookMarkedNewsCell.swift in Sources */ = {isa = PBXBuildFile; fileRef = 2187A3902AE808ED0050F60A /* BookMarkedNewsCell.swift */; };
		2187A3932AE809520050F60A /* BookMarkedNewsCellViewModel.swift in Sources */ = {isa = PBXBuildFile; fileRef = 2187A3922AE809520050F60A /* BookMarkedNewsCellViewModel.swift */; };
		2191529D2ACD51F700D57439 /* Enum+WebViewError.swift in Sources */ = {isa = PBXBuildFile; fileRef = 2191529C2ACD51F700D57439 /* Enum+WebViewError.swift */; };
		219D89312AEBB186002B97EF /* Label.swift in Sources */ = {isa = PBXBuildFile; fileRef = 219D89302AEBB186002B97EF /* Label.swift */; };
		219D89332AEBB1A0002B97EF /* Image.swift in Sources */ = {isa = PBXBuildFile; fileRef = 219D89322AEBB1A0002B97EF /* Image.swift */; };
		219D89372AEC1427002B97EF /* Enum+NewsAPISearchQueryBlankReplacementType.swift in Sources */ = {isa = PBXBuildFile; fileRef = 219D89362AEC1427002B97EF /* Enum+NewsAPISearchQueryBlankReplacementType.swift */; };
		219D893A2AEC2DE1002B97EF /* CustomSearchOptionLabel.swift in Sources */ = {isa = PBXBuildFile; fileRef = 219D89392AEC2DE1002B97EF /* CustomSearchOptionLabel.swift */; };
		219D893C2AEC2E00002B97EF /* Enum+SearchOptionTitle.swift in Sources */ = {isa = PBXBuildFile; fileRef = 219D893B2AEC2E00002B97EF /* Enum+SearchOptionTitle.swift */; };
		21A1DA552AD0707F002A89CB /* SnapKit in Frameworks */ = {isa = PBXBuildFile; productRef = 21A1DA542AD0707F002A89CB /* SnapKit */; };
		21A1DA582AD07089002A89CB /* Alamofire in Frameworks */ = {isa = PBXBuildFile; productRef = 21A1DA572AD07089002A89CB /* Alamofire */; };
		21A1DA5B2AD070AC002A89CB /* Realm in Frameworks */ = {isa = PBXBuildFile; productRef = 21A1DA5A2AD070AC002A89CB /* Realm */; };
		21A1DA5D2AD070AC002A89CB /* RealmSwift in Frameworks */ = {isa = PBXBuildFile; productRef = 21A1DA5C2AD070AC002A89CB /* RealmSwift */; };
		21B6F3912AD2F1DB00983F55 /* Extension+Date.swift in Sources */ = {isa = PBXBuildFile; fileRef = 21B6F3902AD2F1DB00983F55 /* Extension+Date.swift */; };
		21BD223F2ACBC3AE005EE249 /* Protocol+RealmRepository.swift in Sources */ = {isa = PBXBuildFile; fileRef = 21BD223E2ACBC3AE005EE249 /* Protocol+RealmRepository.swift */; };
		21BD22412ACBF05D005EE249 /* Enum+RealmError.swift in Sources */ = {isa = PBXBuildFile; fileRef = 21BD22402ACBF05D005EE249 /* Enum+RealmError.swift */; };
		21BD22432ACBF6CB005EE249 /* DynamicHeightCompositionalLayout.swift in Sources */ = {isa = PBXBuildFile; fileRef = 21BD22422ACBF6CB005EE249 /* DynamicHeightCompositionalLayout.swift */; };
		21BD224E2ACC5A81005EE249 /* Enum+SubDataType.swift in Sources */ = {isa = PBXBuildFile; fileRef = 21BD224D2ACC5A81005EE249 /* Enum+SubDataType.swift */; };
		21BD22502ACC625F005EE249 /* Enum+PDFCreatorSetValues.swift in Sources */ = {isa = PBXBuildFile; fileRef = 21BD224F2ACC625F005EE249 /* Enum+PDFCreatorSetValues.swift */; };
		21C8F5332AEA4DBA00CB6861 /* SkeletonView in Frameworks */ = {isa = PBXBuildFile; productRef = 21C8F5322AEA4DBA00CB6861 /* SkeletonView */; };
		21C8F5352AEABE9500CB6861 /* CustomNewsImageView.swift in Sources */ = {isa = PBXBuildFile; fileRef = 21C8F5342AEABE9500CB6861 /* CustomNewsImageView.swift */; };
		21C8F5392AEABF2100CB6861 /* CustomNewsTitleLabel.swift in Sources */ = {isa = PBXBuildFile; fileRef = 21C8F5382AEABF2100CB6861 /* CustomNewsTitleLabel.swift */; };
		21C8F53D2AEABFA700CB6861 /* CustomNewsDateLabel.swift in Sources */ = {isa = PBXBuildFile; fileRef = 21C8F53C2AEABFA700CB6861 /* CustomNewsDateLabel.swift */; };
		21C8F5402AEAC01400CB6861 /* CustomNewsPressLabel.swift in Sources */ = {isa = PBXBuildFile; fileRef = 21C8F53F2AEAC01400CB6861 /* CustomNewsPressLabel.swift */; };
		21C8F5422AEAC4D800CB6861 /* TimeDelay.swift in Sources */ = {isa = PBXBuildFile; fileRef = 21C8F5412AEAC4D800CB6861 /* TimeDelay.swift */; };
		21C8F5452AEAC71E00CB6861 /* CustomSelectedCheckImageView.swift in Sources */ = {isa = PBXBuildFile; fileRef = 21C8F5442AEAC71E00CB6861 /* CustomSelectedCheckImageView.swift */; };
		21C8F5482AEAD0C000CB6861 /* CustomWobbleAnimation.swift in Sources */ = {isa = PBXBuildFile; fileRef = 21C8F5472AEAD0C000CB6861 /* CustomWobbleAnimation.swift */; };
		21C8F54A2AEAD21A00CB6861 /* Enum+WobbleAnimationSetupValues.swift in Sources */ = {isa = PBXBuildFile; fileRef = 21C8F5492AEAD21A00CB6861 /* Enum+WobbleAnimationSetupValues.swift */; };
		21CAC5472ADBBE6000B13EC9 /* CustomBookMarkButton.swift in Sources */ = {isa = PBXBuildFile; fileRef = 21CAC5462ADBBE6000B13EC9 /* CustomBookMarkButton.swift */; };
		21CAC54A2ADC131E00B13EC9 /* CustomJournalWrittenImageView.swift in Sources */ = {isa = PBXBuildFile; fileRef = 21CAC5492ADC131E00B13EC9 /* CustomJournalWrittenImageView.swift */; };
		21CAC54C2ADC2E1000B13EC9 /* Enum+DefaultHomeViewSetupValues.swift in Sources */ = {isa = PBXBuildFile; fileRef = 21CAC54B2ADC2E1000B13EC9 /* Enum+DefaultHomeViewSetupValues.swift */; };
		21D012332ADA982700963674 /* Enum+MediaStackNetworkError.swift in Sources */ = {isa = PBXBuildFile; fileRef = 21D012322ADA982700963674 /* Enum+MediaStackNetworkError.swift */; };
		21D012362ADAC31E00963674 /* MediaStackRouter.swift in Sources */ = {isa = PBXBuildFile; fileRef = 21D012352ADAC31E00963674 /* MediaStackRouter.swift */; };
		21D983F52AE2B67F0056452D /* DefaultMediaStackNewsCell.swift in Sources */ = {isa = PBXBuildFile; fileRef = 21D983F42AE2B67F0056452D /* DefaultMediaStackNewsCell.swift */; };
		21D983F82AE2B6940056452D /* DefaultMediaStackNewsCellViewModel.swift in Sources */ = {isa = PBXBuildFile; fileRef = 21D983F72AE2B6940056452D /* DefaultMediaStackNewsCellViewModel.swift */; };
		21D983FD2AE2F6580056452D /* Kingfisher in Frameworks */ = {isa = PBXBuildFile; productRef = 21D983FC2AE2F6580056452D /* Kingfisher */; };
		21DA05D02AD7EF9B00ECA50E /* Enum+RealmSetupValues.swift in Sources */ = {isa = PBXBuildFile; fileRef = 21DA05CF2AD7EF9B00ECA50E /* Enum+RealmSetupValues.swift */; };
		21DA05D22AD7F0A100ECA50E /* Enum+NetworkSetupValues.swift in Sources */ = {isa = PBXBuildFile; fileRef = 21DA05D12AD7F0A100ECA50E /* Enum+NetworkSetupValues.swift */; };
		21E830C02ACA92980009025D /* Enum+NaverNetworkError.swift in Sources */ = {isa = PBXBuildFile; fileRef = 21E830BF2ACA92980009025D /* Enum+NaverNetworkError.swift */; };
		21E830C22ACA9A120009025D /* APISetup.swift in Sources */ = {isa = PBXBuildFile; fileRef = 21E830C12ACA9A120009025D /* APISetup.swift */; };
		21E830C42ACAA7FB0009025D /* NewsLinkPresentationCell.swift in Sources */ = {isa = PBXBuildFile; fileRef = 21E830C32ACAA7FB0009025D /* NewsLinkPresentationCell.swift */; };
		21E830C62ACAC4F50009025D /* Enum+NewsSearchSetupValues.swift in Sources */ = {isa = PBXBuildFile; fileRef = 21E830C52ACAC4F40009025D /* Enum+NewsSearchSetupValues.swift */; };
		21E830C92ACAC5440009025D /* JournalRealmCell.swift in Sources */ = {isa = PBXBuildFile; fileRef = 21E830C82ACAC5440009025D /* JournalRealmCell.swift */; };
		21E830CB2ACAC56D0009025D /* BaseCollectionViewCell.swift in Sources */ = {isa = PBXBuildFile; fileRef = 21E830CA2ACAC56D0009025D /* BaseCollectionViewCell.swift */; };
		21E830CD2ACAC62D0009025D /* NewsLinkPresentationViewModel.swift in Sources */ = {isa = PBXBuildFile; fileRef = 21E830CC2ACAC62D0009025D /* NewsLinkPresentationViewModel.swift */; };
		21F2F7562AF87D7C0001ABF8 /* JDStatusBarNotification in Frameworks */ = {isa = PBXBuildFile; productRef = 21F2F7552AF87D7C0001ABF8 /* JDStatusBarNotification */; };
		21F2F7592AF880C20001ABF8 /* RxCocoa in Frameworks */ = {isa = PBXBuildFile; productRef = 21F2F7582AF880C20001ABF8 /* RxCocoa */; };
		21F2F75B2AF880C20001ABF8 /* RxSwift in Frameworks */ = {isa = PBXBuildFile; productRef = 21F2F75A2AF880C20001ABF8 /* RxSwift */; };
		21FCBB052AF7F37F00B64A1C /* APIKey.swift in Sources */ = {isa = PBXBuildFile; fileRef = 21FCBB042AF7F37F00B64A1C /* APIKey.swift */; };
/* End PBXBuildFile section */

/* Begin PBXFileReference section */
		210337162AD1518500B88BCC /* Enum+AlertConfirmText.swift */ = {isa = PBXFileReference; lastKnownFileType = sourcecode.swift; path = "Enum+AlertConfirmText.swift"; sourceTree = "<group>"; };
		210337182AD18C0D00B88BCC /* Extension+UICollectionView.swift */ = {isa = PBXFileReference; lastKnownFileType = sourcecode.swift; path = "Extension+UICollectionView.swift"; sourceTree = "<group>"; };
		2103371A2AD18FB300B88BCC /* ImageString.swift */ = {isa = PBXFileReference; lastKnownFileType = sourcecode.swift; path = ImageString.swift; sourceTree = "<group>"; };
		2108211C2AC85E5D00A999AC /* NewsJournal.app */ = {isa = PBXFileReference; explicitFileType = wrapper.application; includeInIndex = 0; path = NewsJournal.app; sourceTree = BUILT_PRODUCTS_DIR; };
		2108211F2AC85E5D00A999AC /* AppDelegate.swift */ = {isa = PBXFileReference; lastKnownFileType = sourcecode.swift; path = AppDelegate.swift; sourceTree = "<group>"; };
		210821212AC85E5D00A999AC /* SceneDelegate.swift */ = {isa = PBXFileReference; lastKnownFileType = sourcecode.swift; path = SceneDelegate.swift; sourceTree = "<group>"; };
		210821232AC85E5D00A999AC /* NewsSearchViewController.swift */ = {isa = PBXFileReference; lastKnownFileType = sourcecode.swift; path = NewsSearchViewController.swift; sourceTree = "<group>"; };
		210821282AC85E5E00A999AC /* Assets.xcassets */ = {isa = PBXFileReference; lastKnownFileType = folder.assetcatalog; path = Assets.xcassets; sourceTree = "<group>"; };
		2108212B2AC85E5E00A999AC /* Base */ = {isa = PBXFileReference; lastKnownFileType = file.storyboard; name = Base; path = Base.lproj/LaunchScreen.storyboard; sourceTree = "<group>"; };
		2108212D2AC85E5E00A999AC /* Info.plist */ = {isa = PBXFileReference; lastKnownFileType = text.plist.xml; path = Info.plist; sourceTree = "<group>"; };
		210821332AC85E9300A999AC /* .gitignore */ = {isa = PBXFileReference; lastKnownFileType = text; path = .gitignore; sourceTree = "<group>"; };
		210821372AC85FFF00A999AC /* NewsSearchViewModel.swift */ = {isa = PBXFileReference; lastKnownFileType = sourcecode.swift; path = NewsSearchViewModel.swift; sourceTree = "<group>"; };
		2108213D2AC862EF00A999AC /* TabBarController.swift */ = {isa = PBXFileReference; lastKnownFileType = sourcecode.swift; path = TabBarController.swift; sourceTree = "<group>"; };
		2108213F2AC8633A00A999AC /* JournalViewController.swift */ = {isa = PBXFileReference; lastKnownFileType = sourcecode.swift; path = JournalViewController.swift; sourceTree = "<group>"; };
		210821422AC8636500A999AC /* JournalViewModel.swift */ = {isa = PBXFileReference; lastKnownFileType = sourcecode.swift; path = JournalViewModel.swift; sourceTree = "<group>"; };
		2108214B2AC864AF00A999AC /* Frame.swift */ = {isa = PBXFileReference; lastKnownFileType = sourcecode.swift; path = Frame.swift; sourceTree = "<group>"; };
		2108214D2AC864C900A999AC /* Color.swift */ = {isa = PBXFileReference; lastKnownFileType = sourcecode.swift; path = Color.swift; sourceTree = "<group>"; };
		210821502AC8652300A999AC /* NaverNewsAPIStruct.swift */ = {isa = PBXFileReference; lastKnownFileType = sourcecode.swift; path = NaverNewsAPIStruct.swift; sourceTree = "<group>"; };
		210821522AC8653300A999AC /* BookMarkedNewsWithMemoAndTag.swift */ = {isa = PBXFileReference; lastKnownFileType = sourcecode.swift; path = BookMarkedNewsWithMemoAndTag.swift; sourceTree = "<group>"; };
		2108215F2AC869B400A999AC /* Network.swift */ = {isa = PBXFileReference; lastKnownFileType = sourcecode.swift; path = Network.swift; sourceTree = "<group>"; };
		210821612AC869B900A999AC /* NaverRouter.swift */ = {isa = PBXFileReference; lastKnownFileType = sourcecode.swift; path = NaverRouter.swift; sourceTree = "<group>"; };
		210821632AC869F300A999AC /* Repository.swift */ = {isa = PBXFileReference; lastKnownFileType = sourcecode.swift; path = Repository.swift; sourceTree = "<group>"; };
		210821662AC86AA600A999AC /* BaseViewController.swift */ = {isa = PBXFileReference; lastKnownFileType = sourcecode.swift; path = BaseViewController.swift; sourceTree = "<group>"; };
		210821682AC86ACD00A999AC /* WebViewController.swift */ = {isa = PBXFileReference; lastKnownFileType = sourcecode.swift; path = WebViewController.swift; sourceTree = "<group>"; };
		2108216A2AC86AD700A999AC /* WebViewModel.swift */ = {isa = PBXFileReference; lastKnownFileType = sourcecode.swift; path = WebViewModel.swift; sourceTree = "<group>"; };
		2108216D2AC86AF200A999AC /* MemoViewController.swift */ = {isa = PBXFileReference; lastKnownFileType = sourcecode.swift; path = MemoViewController.swift; sourceTree = "<group>"; };
		210821702AC86BA100A999AC /* MemoViewModel.swift */ = {isa = PBXFileReference; lastKnownFileType = sourcecode.swift; path = MemoViewModel.swift; sourceTree = "<group>"; };
		210821732AC86D5700A999AC /* UserDefaultsManager.swift */ = {isa = PBXFileReference; lastKnownFileType = sourcecode.swift; path = UserDefaultsManager.swift; sourceTree = "<group>"; };
		210821762AC86D7E00A999AC /* Extension+NotificationName.swift */ = {isa = PBXFileReference; lastKnownFileType = sourcecode.swift; path = "Extension+NotificationName.swift"; sourceTree = "<group>"; };
		210821782AC8725700A999AC /* Observable.swift */ = {isa = PBXFileReference; lastKnownFileType = sourcecode.swift; path = Observable.swift; sourceTree = "<group>"; };
		211E7A572AE90F8400658ED2 /* Enum+NotificationUserInfoName.swift */ = {isa = PBXFileReference; lastKnownFileType = sourcecode.swift; path = "Enum+NotificationUserInfoName.swift"; sourceTree = "<group>"; };
		211E7A592AE96D7E00658ED2 /* Enum+APIType.swift */ = {isa = PBXFileReference; lastKnownFileType = sourcecode.swift; path = "Enum+APIType.swift"; sourceTree = "<group>"; };
		211F00FF2AE3C4C100E0249B /* Enum+SearchAPIType.swift */ = {isa = PBXFileReference; lastKnownFileType = sourcecode.swift; path = "Enum+SearchAPIType.swift"; sourceTree = "<group>"; };
		211F01022AE4492D00E0249B /* CustomSearchOptionButton.swift */ = {isa = PBXFileReference; lastKnownFileType = sourcecode.swift; path = CustomSearchOptionButton.swift; sourceTree = "<group>"; };
		212065B52AFFCD3E000A5245 /* GoogleService-Info.plist */ = {isa = PBXFileReference; fileEncoding = 4; lastKnownFileType = text.plist.xml; path = "GoogleService-Info.plist"; sourceTree = "<group>"; };
		212065BF2AFFF41F000A5245 /* NewsJournal.entitlements */ = {isa = PBXFileReference; lastKnownFileType = text.plist.entitlements; path = NewsJournal.entitlements; sourceTree = "<group>"; };
		212065C02B0007ED000A5245 /* APIKey.swift */ = {isa = PBXFileReference; fileEncoding = 4; lastKnownFileType = sourcecode.swift; path = APIKey.swift; sourceTree = "<group>"; };
		212065C22B00082C000A5245 /* GoogleService-Info.plist */ = {isa = PBXFileReference; fileEncoding = 4; lastKnownFileType = text.plist.xml; path = "GoogleService-Info.plist"; sourceTree = "<group>"; };
		21290CA82AD563C2001FAA49 /* OnBoardingViewController.swift */ = {isa = PBXFileReference; lastKnownFileType = sourcecode.swift; path = OnBoardingViewController.swift; sourceTree = "<group>"; };
		21290CC02AD56B9A001FAA49 /* Enum+OnBoardingSetupValues.swift */ = {isa = PBXFileReference; lastKnownFileType = sourcecode.swift; path = "Enum+OnBoardingSetupValues.swift"; sourceTree = "<group>"; };
		21290CC22AD56E19001FAA49 /* OnBoardingViewModel.swift */ = {isa = PBXFileReference; lastKnownFileType = sourcecode.swift; path = OnBoardingViewModel.swift; sourceTree = "<group>"; };
		212B0E892AD934EC0006FD1A /* Enum+MappingURLPress.swift */ = {isa = PBXFileReference; lastKnownFileType = sourcecode.swift; path = "Enum+MappingURLPress.swift"; sourceTree = "<group>"; };
		212B0E902AD9B93F0006FD1A /* DefaultNaverNewsViewController.swift */ = {isa = PBXFileReference; lastKnownFileType = sourcecode.swift; path = DefaultNaverNewsViewController.swift; sourceTree = "<group>"; };
		212B0E922AD9B9850006FD1A /* DefaultMediaStackNewsViewController.swift */ = {isa = PBXFileReference; lastKnownFileType = sourcecode.swift; path = DefaultMediaStackNewsViewController.swift; sourceTree = "<group>"; };
		212CE3042AD923F500A56AD0 /* DefaultNewsHomeViewController.swift */ = {isa = PBXFileReference; lastKnownFileType = sourcecode.swift; path = DefaultNewsHomeViewController.swift; sourceTree = "<group>"; };
		212CE3062AD9281F00A56AD0 /* MediaStackNewsAPIStruct.swift */ = {isa = PBXFileReference; lastKnownFileType = sourcecode.swift; path = MediaStackNewsAPIStruct.swift; sourceTree = "<group>"; };
		212CE3092AD928CA00A56AD0 /* UserSearchKeyword.swift */ = {isa = PBXFileReference; lastKnownFileType = sourcecode.swift; path = UserSearchKeyword.swift; sourceTree = "<group>"; };
		212DD73E2AE5855100409855 /* NewsAPIRouter.swift */ = {isa = PBXFileReference; lastKnownFileType = sourcecode.swift; path = NewsAPIRouter.swift; sourceTree = "<group>"; };
		212DD7402AE5862000409855 /* Enum+NewsAPINetworkError.swift */ = {isa = PBXFileReference; lastKnownFileType = sourcecode.swift; path = "Enum+NewsAPINetworkError.swift"; sourceTree = "<group>"; };
		212DD7422AE58A4F00409855 /* Enum+NewsAPISearchSortType.swift */ = {isa = PBXFileReference; lastKnownFileType = sourcecode.swift; path = "Enum+NewsAPISearchSortType.swift"; sourceTree = "<group>"; };
		212DD7442AE58BE200409855 /* NewsAPIStruct.swift */ = {isa = PBXFileReference; lastKnownFileType = sourcecode.swift; path = NewsAPIStruct.swift; sourceTree = "<group>"; };
		213AAC7A2AC952BE001BF9AC /* Enum+ViewControllerType.swift */ = {isa = PBXFileReference; lastKnownFileType = sourcecode.swift; path = "Enum+ViewControllerType.swift"; sourceTree = "<group>"; };
		213AAC7C2AC95F6D001BF9AC /* CustomTagButton.swift */ = {isa = PBXFileReference; lastKnownFileType = sourcecode.swift; path = CustomTagButton.swift; sourceTree = "<group>"; };
		213AAC7E2AC95FEA001BF9AC /* Enum+TagType.swift */ = {isa = PBXFileReference; lastKnownFileType = sourcecode.swift; path = "Enum+TagType.swift"; sourceTree = "<group>"; };
		213AAC812AC960C7001BF9AC /* Font.swift */ = {isa = PBXFileReference; lastKnownFileType = sourcecode.swift; path = Font.swift; sourceTree = "<group>"; };
		213AAC832AC962E5001BF9AC /* CustomSearchBar.swift */ = {isa = PBXFileReference; lastKnownFileType = sourcecode.swift; path = CustomSearchBar.swift; sourceTree = "<group>"; };
		213AAC892AC9A11A001BF9AC /* CustomBarButtonItem.swift */ = {isa = PBXFileReference; lastKnownFileType = sourcecode.swift; path = CustomBarButtonItem.swift; sourceTree = "<group>"; };
		213AAC8B2AC9A485001BF9AC /* Enum+BarButtonType.swift */ = {isa = PBXFileReference; lastKnownFileType = sourcecode.swift; path = "Enum+BarButtonType.swift"; sourceTree = "<group>"; };
		213AAC8E2AC9AABC001BF9AC /* PDFDocumentCreator.swift */ = {isa = PBXFileReference; lastKnownFileType = sourcecode.swift; path = PDFDocumentCreator.swift; sourceTree = "<group>"; };
		213AAC902AC9AB03001BF9AC /* PDFViewModel.swift */ = {isa = PBXFileReference; lastKnownFileType = sourcecode.swift; path = PDFViewModel.swift; sourceTree = "<group>"; };
		213AAC922AC9AB9B001BF9AC /* PDFViewController.swift */ = {isa = PBXFileReference; lastKnownFileType = sourcecode.swift; path = PDFViewController.swift; sourceTree = "<group>"; };
		213AAC942AC9B13D001BF9AC /* Enum+LPError.swift */ = {isa = PBXFileReference; lastKnownFileType = sourcecode.swift; path = "Enum+LPError.swift"; sourceTree = "<group>"; };
		213AAC962AC9BC3C001BF9AC /* Enum+NaverNewsSearchSortType.swift */ = {isa = PBXFileReference; lastKnownFileType = sourcecode.swift; path = "Enum+NaverNewsSearchSortType.swift"; sourceTree = "<group>"; };
		216887E32ACE451F008A8A40 /* Enum+MemoSetupValues.swift */ = {isa = PBXFileReference; lastKnownFileType = sourcecode.swift; path = "Enum+MemoSetupValues.swift"; sourceTree = "<group>"; };
		216887E62ACE45E1008A8A40 /* CustomTextView.swift */ = {isa = PBXFileReference; lastKnownFileType = sourcecode.swift; path = CustomTextView.swift; sourceTree = "<group>"; };
		216887E92ACE4671008A8A40 /* CustomTextField.swift */ = {isa = PBXFileReference; lastKnownFileType = sourcecode.swift; path = CustomTextField.swift; sourceTree = "<group>"; };
		216887EB2ACE74A5008A8A40 /* Enum+MemoError.swift */ = {isa = PBXFileReference; lastKnownFileType = sourcecode.swift; path = "Enum+MemoError.swift"; sourceTree = "<group>"; };
		216887EE2ACE758A008A8A40 /* Enum+UserDefaultsError.swift */ = {isa = PBXFileReference; lastKnownFileType = sourcecode.swift; path = "Enum+UserDefaultsError.swift"; sourceTree = "<group>"; };
		216887FD2ACEF7CD008A8A40 /* CustomPullDownButton.swift */ = {isa = PBXFileReference; lastKnownFileType = sourcecode.swift; path = CustomPullDownButton.swift; sourceTree = "<group>"; };
		217FC70C2ADAE18700ED14EE /* DTONewsAPI.swift */ = {isa = PBXFileReference; lastKnownFileType = sourcecode.swift; path = DTONewsAPI.swift; sourceTree = "<group>"; };
		217FC70E2ADAE42100ED14EE /* DefaultNaverNewsViewModel.swift */ = {isa = PBXFileReference; lastKnownFileType = sourcecode.swift; path = DefaultNaverNewsViewModel.swift; sourceTree = "<group>"; };
		217FC7112ADAE43F00ED14EE /* DefaultMediaStackNewsViewModel.swift */ = {isa = PBXFileReference; lastKnownFileType = sourcecode.swift; path = DefaultMediaStackNewsViewModel.swift; sourceTree = "<group>"; };
		217FC7142ADAF94700ED14EE /* DefaultNaverNewsCell.swift */ = {isa = PBXFileReference; lastKnownFileType = sourcecode.swift; path = DefaultNaverNewsCell.swift; sourceTree = "<group>"; };
		217FC7172ADAF99800ED14EE /* DefaultNaverNewsCellViewModel.swift */ = {isa = PBXFileReference; lastKnownFileType = sourcecode.swift; path = DefaultNaverNewsCellViewModel.swift; sourceTree = "<group>"; };
		217FC71A2ADAFA1200ED14EE /* Extension+Data.swift */ = {isa = PBXFileReference; lastKnownFileType = sourcecode.swift; path = "Extension+Data.swift"; sourceTree = "<group>"; };
		217FC71C2ADAFA5300ED14EE /* CacheManager.swift */ = {isa = PBXFileReference; lastKnownFileType = sourcecode.swift; path = CacheManager.swift; sourceTree = "<group>"; };
		217FC71F2ADAFCB900ED14EE /* Extension+CacheManager.swift */ = {isa = PBXFileReference; lastKnownFileType = sourcecode.swift; path = "Extension+CacheManager.swift"; sourceTree = "<group>"; };
		217FC7212ADAFD4D00ED14EE /* Enum+CacheManagerError.swift */ = {isa = PBXFileReference; lastKnownFileType = sourcecode.swift; path = "Enum+CacheManagerError.swift"; sourceTree = "<group>"; };
		2180E5622ACB131000CAC283 /* Enum+JournalRealmSetupValues.swift */ = {isa = PBXFileReference; lastKnownFileType = sourcecode.swift; path = "Enum+JournalRealmSetupValues.swift"; sourceTree = "<group>"; };
		2180E5652ACB197E00CAC283 /* Extension+String.swift */ = {isa = PBXFileReference; lastKnownFileType = sourcecode.swift; path = "Extension+String.swift"; sourceTree = "<group>"; };
		2180E5682ACB19AF00CAC283 /* Extension+NSAttributedString.swift */ = {isa = PBXFileReference; lastKnownFileType = sourcecode.swift; path = "Extension+NSAttributedString.swift"; sourceTree = "<group>"; };
		2187A38E2AE7A09B0050F60A /* Enum+WebViewSetupValues.swift */ = {isa = PBXFileReference; lastKnownFileType = sourcecode.swift; path = "Enum+WebViewSetupValues.swift"; sourceTree = "<group>"; };
		2187A3902AE808ED0050F60A /* BookMarkedNewsCell.swift */ = {isa = PBXFileReference; lastKnownFileType = sourcecode.swift; path = BookMarkedNewsCell.swift; sourceTree = "<group>"; };
		2187A3922AE809520050F60A /* BookMarkedNewsCellViewModel.swift */ = {isa = PBXFileReference; lastKnownFileType = sourcecode.swift; path = BookMarkedNewsCellViewModel.swift; sourceTree = "<group>"; };
		2191529C2ACD51F700D57439 /* Enum+WebViewError.swift */ = {isa = PBXFileReference; lastKnownFileType = sourcecode.swift; path = "Enum+WebViewError.swift"; sourceTree = "<group>"; };
		219D89302AEBB186002B97EF /* Label.swift */ = {isa = PBXFileReference; lastKnownFileType = sourcecode.swift; path = Label.swift; sourceTree = "<group>"; };
		219D89322AEBB1A0002B97EF /* Image.swift */ = {isa = PBXFileReference; lastKnownFileType = sourcecode.swift; path = Image.swift; sourceTree = "<group>"; };
		219D89362AEC1427002B97EF /* Enum+NewsAPISearchQueryBlankReplacementType.swift */ = {isa = PBXFileReference; lastKnownFileType = sourcecode.swift; path = "Enum+NewsAPISearchQueryBlankReplacementType.swift"; sourceTree = "<group>"; };
		219D89392AEC2DE1002B97EF /* CustomSearchOptionLabel.swift */ = {isa = PBXFileReference; lastKnownFileType = sourcecode.swift; path = CustomSearchOptionLabel.swift; sourceTree = "<group>"; };
		219D893B2AEC2E00002B97EF /* Enum+SearchOptionTitle.swift */ = {isa = PBXFileReference; lastKnownFileType = sourcecode.swift; path = "Enum+SearchOptionTitle.swift"; sourceTree = "<group>"; };
		21A1DA5E2AD076CA002A89CB /* libswiftUIKit.tbd */ = {isa = PBXFileReference; lastKnownFileType = "sourcecode.text-based-dylib-definition"; name = libswiftUIKit.tbd; path = usr/lib/swift/libswiftUIKit.tbd; sourceTree = SDKROOT; };
		21B6F3902AD2F1DB00983F55 /* Extension+Date.swift */ = {isa = PBXFileReference; lastKnownFileType = sourcecode.swift; path = "Extension+Date.swift"; sourceTree = "<group>"; };
		21BD223E2ACBC3AE005EE249 /* Protocol+RealmRepository.swift */ = {isa = PBXFileReference; lastKnownFileType = sourcecode.swift; path = "Protocol+RealmRepository.swift"; sourceTree = "<group>"; };
		21BD22402ACBF05D005EE249 /* Enum+RealmError.swift */ = {isa = PBXFileReference; lastKnownFileType = sourcecode.swift; path = "Enum+RealmError.swift"; sourceTree = "<group>"; };
		21BD22422ACBF6CB005EE249 /* DynamicHeightCompositionalLayout.swift */ = {isa = PBXFileReference; fileEncoding = 4; lastKnownFileType = sourcecode.swift; path = DynamicHeightCompositionalLayout.swift; sourceTree = "<group>"; };
		21BD224D2ACC5A81005EE249 /* Enum+SubDataType.swift */ = {isa = PBXFileReference; lastKnownFileType = sourcecode.swift; path = "Enum+SubDataType.swift"; sourceTree = "<group>"; };
		21BD224F2ACC625F005EE249 /* Enum+PDFCreatorSetValues.swift */ = {isa = PBXFileReference; lastKnownFileType = sourcecode.swift; path = "Enum+PDFCreatorSetValues.swift"; sourceTree = "<group>"; };
		21C8F5342AEABE9500CB6861 /* CustomNewsImageView.swift */ = {isa = PBXFileReference; lastKnownFileType = sourcecode.swift; path = CustomNewsImageView.swift; sourceTree = "<group>"; };
		21C8F5382AEABF2100CB6861 /* CustomNewsTitleLabel.swift */ = {isa = PBXFileReference; lastKnownFileType = sourcecode.swift; path = CustomNewsTitleLabel.swift; sourceTree = "<group>"; };
		21C8F53C2AEABFA700CB6861 /* CustomNewsDateLabel.swift */ = {isa = PBXFileReference; lastKnownFileType = sourcecode.swift; path = CustomNewsDateLabel.swift; sourceTree = "<group>"; };
		21C8F53F2AEAC01400CB6861 /* CustomNewsPressLabel.swift */ = {isa = PBXFileReference; lastKnownFileType = sourcecode.swift; path = CustomNewsPressLabel.swift; sourceTree = "<group>"; };
		21C8F5412AEAC4D800CB6861 /* TimeDelay.swift */ = {isa = PBXFileReference; lastKnownFileType = sourcecode.swift; path = TimeDelay.swift; sourceTree = "<group>"; };
		21C8F5442AEAC71E00CB6861 /* CustomSelectedCheckImageView.swift */ = {isa = PBXFileReference; lastKnownFileType = sourcecode.swift; path = CustomSelectedCheckImageView.swift; sourceTree = "<group>"; };
		21C8F5472AEAD0C000CB6861 /* CustomWobbleAnimation.swift */ = {isa = PBXFileReference; lastKnownFileType = sourcecode.swift; path = CustomWobbleAnimation.swift; sourceTree = "<group>"; };
		21C8F5492AEAD21A00CB6861 /* Enum+WobbleAnimationSetupValues.swift */ = {isa = PBXFileReference; lastKnownFileType = sourcecode.swift; path = "Enum+WobbleAnimationSetupValues.swift"; sourceTree = "<group>"; };
		21CAC5462ADBBE6000B13EC9 /* CustomBookMarkButton.swift */ = {isa = PBXFileReference; lastKnownFileType = sourcecode.swift; path = CustomBookMarkButton.swift; sourceTree = "<group>"; };
		21CAC5492ADC131E00B13EC9 /* CustomJournalWrittenImageView.swift */ = {isa = PBXFileReference; lastKnownFileType = sourcecode.swift; path = CustomJournalWrittenImageView.swift; sourceTree = "<group>"; };
		21CAC54B2ADC2E1000B13EC9 /* Enum+DefaultHomeViewSetupValues.swift */ = {isa = PBXFileReference; lastKnownFileType = sourcecode.swift; path = "Enum+DefaultHomeViewSetupValues.swift"; sourceTree = "<group>"; };
		21D012322ADA982700963674 /* Enum+MediaStackNetworkError.swift */ = {isa = PBXFileReference; lastKnownFileType = sourcecode.swift; path = "Enum+MediaStackNetworkError.swift"; sourceTree = "<group>"; };
		21D012352ADAC31E00963674 /* MediaStackRouter.swift */ = {isa = PBXFileReference; lastKnownFileType = sourcecode.swift; path = MediaStackRouter.swift; sourceTree = "<group>"; };
		21D983F42AE2B67F0056452D /* DefaultMediaStackNewsCell.swift */ = {isa = PBXFileReference; lastKnownFileType = sourcecode.swift; path = DefaultMediaStackNewsCell.swift; sourceTree = "<group>"; };
		21D983F72AE2B6940056452D /* DefaultMediaStackNewsCellViewModel.swift */ = {isa = PBXFileReference; lastKnownFileType = sourcecode.swift; path = DefaultMediaStackNewsCellViewModel.swift; sourceTree = "<group>"; };
		21DA05CF2AD7EF9B00ECA50E /* Enum+RealmSetupValues.swift */ = {isa = PBXFileReference; lastKnownFileType = sourcecode.swift; path = "Enum+RealmSetupValues.swift"; sourceTree = "<group>"; };
		21DA05D12AD7F0A100ECA50E /* Enum+NetworkSetupValues.swift */ = {isa = PBXFileReference; lastKnownFileType = sourcecode.swift; path = "Enum+NetworkSetupValues.swift"; sourceTree = "<group>"; };
		21E830BF2ACA92980009025D /* Enum+NaverNetworkError.swift */ = {isa = PBXFileReference; lastKnownFileType = sourcecode.swift; path = "Enum+NaverNetworkError.swift"; sourceTree = "<group>"; };
		21E830C12ACA9A120009025D /* APISetup.swift */ = {isa = PBXFileReference; lastKnownFileType = sourcecode.swift; path = APISetup.swift; sourceTree = "<group>"; };
		21E830C32ACAA7FB0009025D /* NewsLinkPresentationCell.swift */ = {isa = PBXFileReference; lastKnownFileType = sourcecode.swift; path = NewsLinkPresentationCell.swift; sourceTree = "<group>"; };
		21E830C52ACAC4F40009025D /* Enum+NewsSearchSetupValues.swift */ = {isa = PBXFileReference; lastKnownFileType = sourcecode.swift; path = "Enum+NewsSearchSetupValues.swift"; sourceTree = "<group>"; };
		21E830C82ACAC5440009025D /* JournalRealmCell.swift */ = {isa = PBXFileReference; lastKnownFileType = sourcecode.swift; path = JournalRealmCell.swift; sourceTree = "<group>"; };
		21E830CA2ACAC56D0009025D /* BaseCollectionViewCell.swift */ = {isa = PBXFileReference; lastKnownFileType = sourcecode.swift; path = BaseCollectionViewCell.swift; sourceTree = "<group>"; };
		21E830CC2ACAC62D0009025D /* NewsLinkPresentationViewModel.swift */ = {isa = PBXFileReference; lastKnownFileType = sourcecode.swift; path = NewsLinkPresentationViewModel.swift; sourceTree = "<group>"; };
		21FCBB042AF7F37F00B64A1C /* APIKey.swift */ = {isa = PBXFileReference; fileEncoding = 4; lastKnownFileType = sourcecode.swift; path = APIKey.swift; sourceTree = "<group>"; };
/* End PBXFileReference section */

/* Begin PBXFrameworksBuildPhase section */
		210821192AC85E5D00A999AC /* Frameworks */ = {
			isa = PBXFrameworksBuildPhase;
			buildActionMask = 2147483647;
			files = (
				21F2F7592AF880C20001ABF8 /* RxCocoa in Frameworks */,
				21A1DA582AD07089002A89CB /* Alamofire in Frameworks */,
				21F2F75B2AF880C20001ABF8 /* RxSwift in Frameworks */,
				21D983FD2AE2F6580056452D /* Kingfisher in Frameworks */,
				212065B92AFFCDDE000A5245 /* FirebaseAnalyticsWithoutAdIdSupport in Frameworks */,
				21A1DA5B2AD070AC002A89CB /* Realm in Frameworks */,
				21C8F5332AEA4DBA00CB6861 /* SkeletonView in Frameworks */,
				21A1DA5D2AD070AC002A89CB /* RealmSwift in Frameworks */,
				212065BD2AFFCDDE000A5245 /* FirebaseMessaging in Frameworks */,
				21F2F7562AF87D7C0001ABF8 /* JDStatusBarNotification in Frameworks */,
				212065BB2AFFCDDE000A5245 /* FirebaseCrashlytics in Frameworks */,
				21A1DA552AD0707F002A89CB /* SnapKit in Frameworks */,
				212B0E8D2AD9B87B0006FD1A /* Tabman in Frameworks */,
			);
			runOnlyForDeploymentPostprocessing = 0;
		};
/* End PBXFrameworksBuildPhase section */

/* Begin PBXGroup section */
		210821132AC85E5D00A999AC = {
			isa = PBXGroup;
			children = (
				2108211E2AC85E5D00A999AC /* NewsJournal */,
				2108211D2AC85E5D00A999AC /* Products */,
				21A1DA3C2AD0699D002A89CB /* Frameworks */,
			);
			sourceTree = "<group>";
		};
		2108211D2AC85E5D00A999AC /* Products */ = {
			isa = PBXGroup;
			children = (
				2108211C2AC85E5D00A999AC /* NewsJournal.app */,
			);
			name = Products;
			sourceTree = "<group>";
		};
		2108211E2AC85E5D00A999AC /* NewsJournal */ = {
			isa = PBXGroup;
			children = (
				212065BF2AFFF41F000A5245 /* NewsJournal.entitlements */,
				2108211F2AC85E5D00A999AC /* AppDelegate.swift */,
				210821212AC85E5D00A999AC /* SceneDelegate.swift */,
				21FCBB042AF7F37F00B64A1C /* APIKey.swift */,
				212065C02B0007ED000A5245 /* APIKey.swift */,
				2108213A2AC8602600A999AC /* Setup */,
				210821452AC8639900A999AC /* Manager */,
				2108214F2AC8650200A999AC /* Model */,
				210821652AC86A8D00A999AC /* View */,
				2108213C2AC862E300A999AC /* Scenes */,
				210821282AC85E5E00A999AC /* Assets.xcassets */,
				2108212A2AC85E5E00A999AC /* LaunchScreen.storyboard */,
				2108212D2AC85E5E00A999AC /* Info.plist */,
				212065B52AFFCD3E000A5245 /* GoogleService-Info.plist */,
				212065C22B00082C000A5245 /* GoogleService-Info.plist */,
				210821332AC85E9300A999AC /* .gitignore */,
			);
			path = NewsJournal;
			sourceTree = "<group>";
		};
		210821392AC8601600A999AC /* NewsSearch */ = {
			isa = PBXGroup;
			children = (
				21E830C72ACAC5130009025D /* Enum+NewsSearch */,
				21E830CE2ACAC6390009025D /* NewsLinkPresentationCell+ViewModel */,
				21E830CF2ACAC64E0009025D /* NewsSearchViewController+ViewModel */,
			);
			path = NewsSearch;
			sourceTree = "<group>";
		};
		2108213A2AC8602600A999AC /* Setup */ = {
			isa = PBXGroup;
			children = (
				210821442AC8638700A999AC /* Utility */,
				210821752AC86D6A00A999AC /* NotificationCenter */,
				2180E5672ACB198700CAC283 /* Extension */,
			);
			path = Setup;
			sourceTree = "<group>";
		};
		2108213B2AC862CA00A999AC /* Journal */ = {
			isa = PBXGroup;
			children = (
				2180E5642ACB134A00CAC283 /* Enum+JournalRealm */,
				2180E55B2ACB073000CAC283 /* JournalCell */,
				2180E55C2ACB11AE00CAC283 /* JournalViewController+ViewModel */,
			);
			path = Journal;
			sourceTree = "<group>";
		};
		2108213C2AC862E300A999AC /* Scenes */ = {
			isa = PBXGroup;
			children = (
				21290CA72AD563A6001FAA49 /* OnBoard */,
				210821412AC8635500A999AC /* Tabbar */,
				212CE3032AD923D000A56AD0 /* DefaultNewsHome */,
				210821392AC8601600A999AC /* NewsSearch */,
				2108213B2AC862CA00A999AC /* Journal */,
				213AAC8D2AC9AAA0001BF9AC /* PDF */,
				2108216C2AC86ADB00A999AC /* Web */,
				2108216F2AC86AF900A999AC /* Memo */,
			);
			path = Scenes;
			sourceTree = "<group>";
		};
		210821412AC8635500A999AC /* Tabbar */ = {
			isa = PBXGroup;
			children = (
				213AAC7A2AC952BE001BF9AC /* Enum+ViewControllerType.swift */,
				2108213D2AC862EF00A999AC /* TabBarController.swift */,
			);
			path = Tabbar;
			sourceTree = "<group>";
		};
		210821442AC8638700A999AC /* Utility */ = {
			isa = PBXGroup;
			children = (
				2108214B2AC864AF00A999AC /* Frame.swift */,
				219D89302AEBB186002B97EF /* Label.swift */,
				219D89322AEBB1A0002B97EF /* Image.swift */,
				21C8F5412AEAC4D800CB6861 /* TimeDelay.swift */,
				2108214D2AC864C900A999AC /* Color.swift */,
				213AAC812AC960C7001BF9AC /* Font.swift */,
				21E830C12ACA9A120009025D /* APISetup.swift */,
				2103371A2AD18FB300B88BCC /* ImageString.swift */,
			);
			path = Utility;
			sourceTree = "<group>";
		};
		210821452AC8639900A999AC /* Manager */ = {
			isa = PBXGroup;
			children = (
				210821722AC86D4200A999AC /* UserDefaults */,
				210821472AC8641500A999AC /* Realm */,
				210821462AC863A300A999AC /* Network */,
				217FC71E2ADAFA5E00ED14EE /* File+CacheManager */,
			);
			path = Manager;
			sourceTree = "<group>";
		};
		210821462AC863A300A999AC /* Network */ = {
			isa = PBXGroup;
			children = (
				21D012342ADA993200963674 /* NetworkError */,
				21D012372ADAC47500963674 /* Router */,
				21DA05D12AD7F0A100ECA50E /* Enum+NetworkSetupValues.swift */,
				2108215F2AC869B400A999AC /* Network.swift */,
			);
			path = Network;
			sourceTree = "<group>";
		};
		210821472AC8641500A999AC /* Realm */ = {
			isa = PBXGroup;
			children = (
				21BD223E2ACBC3AE005EE249 /* Protocol+RealmRepository.swift */,
				21DA05CF2AD7EF9B00ECA50E /* Enum+RealmSetupValues.swift */,
				21BD22402ACBF05D005EE249 /* Enum+RealmError.swift */,
				210821632AC869F300A999AC /* Repository.swift */,
			);
			path = Realm;
			sourceTree = "<group>";
		};
		210821492AC8646F00A999AC /* Base */ = {
			isa = PBXGroup;
			children = (
				210337162AD1518500B88BCC /* Enum+AlertConfirmText.swift */,
				210821662AC86AA600A999AC /* BaseViewController.swift */,
				210337182AD18C0D00B88BCC /* Extension+UICollectionView.swift */,
				21E830CA2ACAC56D0009025D /* BaseCollectionViewCell.swift */,
			);
			path = Base;
			sourceTree = "<group>";
		};
		2108214A2AC8647600A999AC /* Custom */ = {
			isa = PBXGroup;
			children = (
				21C8F5462AEAD0A200CB6861 /* WobbleAnimation */,
				21C8F5372AEABF0B00CB6861 /* CellComponents */,
				211F01012AE448FC00E0249B /* SearchOptionButton */,
				219D89382AEC2DC0002B97EF /* SearchOptionLabel */,
				213AAC882AC9A109001BF9AC /* BarButton */,
				213AAC802AC95FF8001BF9AC /* TagButton */,
				213AAC852AC962E9001BF9AC /* SearchBar */,
				216887E52ACE45C2008A8A40 /* TextView */,
				216887E82ACE4665008A8A40 /* TextField */,
				216887FC2ACEF7BE008A8A40 /* PullDownButton */,
			);
			path = Custom;
			sourceTree = "<group>";
		};
		2108214F2AC8650200A999AC /* Model */ = {
			isa = PBXGroup;
			children = (
				210821782AC8725700A999AC /* Observable.swift */,
				212CE3082AD9282300A56AD0 /* News */,
				212CE30B2AD928CE00A56AD0 /* RealmStruct */,
			);
			path = Model;
			sourceTree = "<group>";
		};
		210821652AC86A8D00A999AC /* View */ = {
			isa = PBXGroup;
			children = (
				210821492AC8646F00A999AC /* Base */,
				2108214A2AC8647600A999AC /* Custom */,
			);
			path = View;
			sourceTree = "<group>";
		};
		2108216C2AC86ADB00A999AC /* Web */ = {
			isa = PBXGroup;
			children = (
				219152A22ACDAF0800D57439 /* Enum+Web */,
				219D89352AEBFAB7002B97EF /* ViewModel+Controller */,
			);
			path = Web;
			sourceTree = "<group>";
		};
		2108216F2AC86AF900A999AC /* Memo */ = {
			isa = PBXGroup;
			children = (
				216887ED2ACE74DA008A8A40 /* Enum+Memo */,
				219D89342AEBFAA7002B97EF /* ViewModel+Controller */,
			);
			path = Memo;
			sourceTree = "<group>";
		};
		210821722AC86D4200A999AC /* UserDefaults */ = {
			isa = PBXGroup;
			children = (
				216887EE2ACE758A008A8A40 /* Enum+UserDefaultsError.swift */,
				210821732AC86D5700A999AC /* UserDefaultsManager.swift */,
			);
			path = UserDefaults;
			sourceTree = "<group>";
		};
		210821752AC86D6A00A999AC /* NotificationCenter */ = {
			isa = PBXGroup;
			children = (
				211E7A572AE90F8400658ED2 /* Enum+NotificationUserInfoName.swift */,
				210821762AC86D7E00A999AC /* Extension+NotificationName.swift */,
			);
			path = NotificationCenter;
			sourceTree = "<group>";
		};
		211F01012AE448FC00E0249B /* SearchOptionButton */ = {
			isa = PBXGroup;
			children = (
				211F01022AE4492D00E0249B /* CustomSearchOptionButton.swift */,
			);
			path = SearchOptionButton;
			sourceTree = "<group>";
		};
		21290CA72AD563A6001FAA49 /* OnBoard */ = {
			isa = PBXGroup;
			children = (
				21290CC02AD56B9A001FAA49 /* Enum+OnBoardingSetupValues.swift */,
				21290CC22AD56E19001FAA49 /* OnBoardingViewModel.swift */,
				21290CA82AD563C2001FAA49 /* OnBoardingViewController.swift */,
			);
			path = OnBoard;
			sourceTree = "<group>";
		};
		212CE3032AD923D000A56AD0 /* DefaultNewsHome */ = {
			isa = PBXGroup;
			children = (
				21C8F54B2AEAD88000CB6861 /* DefaultHome */,
				217FC7102ADAE42500ED14EE /* DefaultNaverNews */,
				217FC7132ADAE44E00ED14EE /* DefaultMediaStackNews */,
			);
			path = DefaultNewsHome;
			sourceTree = "<group>";
		};
		212CE3082AD9282300A56AD0 /* News */ = {
			isa = PBXGroup;
			children = (
				210821502AC8652300A999AC /* NaverNewsAPIStruct.swift */,
				212CE3062AD9281F00A56AD0 /* MediaStackNewsAPIStruct.swift */,
				212DD7442AE58BE200409855 /* NewsAPIStruct.swift */,
				217FC70C2ADAE18700ED14EE /* DTONewsAPI.swift */,
			);
			path = News;
			sourceTree = "<group>";
		};
		212CE30B2AD928CE00A56AD0 /* RealmStruct */ = {
			isa = PBXGroup;
			children = (
				211E7A592AE96D7E00658ED2 /* Enum+APIType.swift */,
				210821522AC8653300A999AC /* BookMarkedNewsWithMemoAndTag.swift */,
				212CE3092AD928CA00A56AD0 /* UserSearchKeyword.swift */,
			);
			path = RealmStruct;
			sourceTree = "<group>";
		};
		213AAC802AC95FF8001BF9AC /* TagButton */ = {
			isa = PBXGroup;
			children = (
				213AAC7E2AC95FEA001BF9AC /* Enum+TagType.swift */,
				213AAC7C2AC95F6D001BF9AC /* CustomTagButton.swift */,
			);
			path = TagButton;
			sourceTree = "<group>";
		};
		213AAC852AC962E9001BF9AC /* SearchBar */ = {
			isa = PBXGroup;
			children = (
				213AAC832AC962E5001BF9AC /* CustomSearchBar.swift */,
			);
			path = SearchBar;
			sourceTree = "<group>";
		};
		213AAC882AC9A109001BF9AC /* BarButton */ = {
			isa = PBXGroup;
			children = (
				213AAC8B2AC9A485001BF9AC /* Enum+BarButtonType.swift */,
				213AAC892AC9A11A001BF9AC /* CustomBarButtonItem.swift */,
			);
			path = BarButton;
			sourceTree = "<group>";
		};
		213AAC8D2AC9AAA0001BF9AC /* PDF */ = {
			isa = PBXGroup;
			children = (
				21BD22482ACC4EFF005EE249 /* PDFCreator */,
				21BD22512ACC7173005EE249 /* PDFViewController+ViewModel */,
			);
			path = PDF;
			sourceTree = "<group>";
		};
		216887E52ACE45C2008A8A40 /* TextView */ = {
			isa = PBXGroup;
			children = (
				216887E62ACE45E1008A8A40 /* CustomTextView.swift */,
			);
			path = TextView;
			sourceTree = "<group>";
		};
		216887E82ACE4665008A8A40 /* TextField */ = {
			isa = PBXGroup;
			children = (
				216887E92ACE4671008A8A40 /* CustomTextField.swift */,
			);
			path = TextField;
			sourceTree = "<group>";
		};
		216887ED2ACE74DA008A8A40 /* Enum+Memo */ = {
			isa = PBXGroup;
			children = (
				216887E32ACE451F008A8A40 /* Enum+MemoSetupValues.swift */,
				216887EB2ACE74A5008A8A40 /* Enum+MemoError.swift */,
			);
			path = "Enum+Memo";
			sourceTree = "<group>";
		};
		216887FC2ACEF7BE008A8A40 /* PullDownButton */ = {
			isa = PBXGroup;
			children = (
				216887FD2ACEF7CD008A8A40 /* CustomPullDownButton.swift */,
			);
			path = PullDownButton;
			sourceTree = "<group>";
		};
		217FC7102ADAE42500ED14EE /* DefaultNaverNews */ = {
			isa = PBXGroup;
			children = (
				217FC7192ADAF99D00ED14EE /* ViewModel+Cell */,
				217FC7162ADAF97F00ED14EE /* ViewModel+Controller */,
			);
			path = DefaultNaverNews;
			sourceTree = "<group>";
		};
		217FC7132ADAE44E00ED14EE /* DefaultMediaStackNews */ = {
			isa = PBXGroup;
			children = (
				21D983F62AE2B6850056452D /* ViewModel+Cell */,
				21D983F32AE2B6650056452D /* ViewModel+Controller */,
			);
			path = DefaultMediaStackNews;
			sourceTree = "<group>";
		};
		217FC7162ADAF97F00ED14EE /* ViewModel+Controller */ = {
			isa = PBXGroup;
			children = (
				217FC70E2ADAE42100ED14EE /* DefaultNaverNewsViewModel.swift */,
				212B0E902AD9B93F0006FD1A /* DefaultNaverNewsViewController.swift */,
			);
			path = "ViewModel+Controller";
			sourceTree = "<group>";
		};
		217FC7192ADAF99D00ED14EE /* ViewModel+Cell */ = {
			isa = PBXGroup;
			children = (
				217FC7172ADAF99800ED14EE /* DefaultNaverNewsCellViewModel.swift */,
				217FC7142ADAF94700ED14EE /* DefaultNaverNewsCell.swift */,
			);
			path = "ViewModel+Cell";
			sourceTree = "<group>";
		};
		217FC71E2ADAFA5E00ED14EE /* File+CacheManager */ = {
			isa = PBXGroup;
			children = (
				217FC7212ADAFD4D00ED14EE /* Enum+CacheManagerError.swift */,
				217FC71F2ADAFCB900ED14EE /* Extension+CacheManager.swift */,
				217FC71C2ADAFA5300ED14EE /* CacheManager.swift */,
			);
			path = "File+CacheManager";
			sourceTree = "<group>";
		};
		2180E55B2ACB073000CAC283 /* JournalCell */ = {
			isa = PBXGroup;
			children = (
				21E830C82ACAC5440009025D /* JournalRealmCell.swift */,
				2187A3942AE809560050F60A /* BookMarkedCell+ViewModel */,
			);
			path = JournalCell;
			sourceTree = "<group>";
		};
		2180E55C2ACB11AE00CAC283 /* JournalViewController+ViewModel */ = {
			isa = PBXGroup;
			children = (
				210821422AC8636500A999AC /* JournalViewModel.swift */,
				21BD22422ACBF6CB005EE249 /* DynamicHeightCompositionalLayout.swift */,
				2108213F2AC8633A00A999AC /* JournalViewController.swift */,
			);
			path = "JournalViewController+ViewModel";
			sourceTree = "<group>";
		};
		2180E5642ACB134A00CAC283 /* Enum+JournalRealm */ = {
			isa = PBXGroup;
			children = (
				2180E5622ACB131000CAC283 /* Enum+JournalRealmSetupValues.swift */,
			);
			path = "Enum+JournalRealm";
			sourceTree = "<group>";
		};
		2180E5672ACB198700CAC283 /* Extension */ = {
			isa = PBXGroup;
			children = (
				217FC71A2ADAFA1200ED14EE /* Extension+Data.swift */,
				21B6F3902AD2F1DB00983F55 /* Extension+Date.swift */,
				2180E5652ACB197E00CAC283 /* Extension+String.swift */,
				2180E5682ACB19AF00CAC283 /* Extension+NSAttributedString.swift */,
			);
			path = Extension;
			sourceTree = "<group>";
		};
		2187A3942AE809560050F60A /* BookMarkedCell+ViewModel */ = {
			isa = PBXGroup;
			children = (
				2187A3922AE809520050F60A /* BookMarkedNewsCellViewModel.swift */,
				2187A3902AE808ED0050F60A /* BookMarkedNewsCell.swift */,
			);
			path = "BookMarkedCell+ViewModel";
			sourceTree = "<group>";
		};
		219152A22ACDAF0800D57439 /* Enum+Web */ = {
			isa = PBXGroup;
			children = (
				2191529C2ACD51F700D57439 /* Enum+WebViewError.swift */,
				2187A38E2AE7A09B0050F60A /* Enum+WebViewSetupValues.swift */,
			);
			path = "Enum+Web";
			sourceTree = "<group>";
		};
		219D89342AEBFAA7002B97EF /* ViewModel+Controller */ = {
			isa = PBXGroup;
			children = (
				210821702AC86BA100A999AC /* MemoViewModel.swift */,
				2108216D2AC86AF200A999AC /* MemoViewController.swift */,
			);
			path = "ViewModel+Controller";
			sourceTree = "<group>";
		};
		219D89352AEBFAB7002B97EF /* ViewModel+Controller */ = {
			isa = PBXGroup;
			children = (
				2108216A2AC86AD700A999AC /* WebViewModel.swift */,
				210821682AC86ACD00A999AC /* WebViewController.swift */,
			);
			path = "ViewModel+Controller";
			sourceTree = "<group>";
		};
		219D89382AEC2DC0002B97EF /* SearchOptionLabel */ = {
			isa = PBXGroup;
			children = (
				219D893B2AEC2E00002B97EF /* Enum+SearchOptionTitle.swift */,
				219D89392AEC2DE1002B97EF /* CustomSearchOptionLabel.swift */,
			);
			path = SearchOptionLabel;
			sourceTree = "<group>";
		};
		21A1DA3C2AD0699D002A89CB /* Frameworks */ = {
			isa = PBXGroup;
			children = (
				21A1DA5E2AD076CA002A89CB /* libswiftUIKit.tbd */,
			);
			name = Frameworks;
			sourceTree = "<group>";
		};
		21BD22482ACC4EFF005EE249 /* PDFCreator */ = {
			isa = PBXGroup;
			children = (
				21BD224F2ACC625F005EE249 /* Enum+PDFCreatorSetValues.swift */,
				21BD224D2ACC5A81005EE249 /* Enum+SubDataType.swift */,
				213AAC8E2AC9AABC001BF9AC /* PDFDocumentCreator.swift */,
			);
			path = PDFCreator;
			sourceTree = "<group>";
		};
		21BD22512ACC7173005EE249 /* PDFViewController+ViewModel */ = {
			isa = PBXGroup;
			children = (
				213AAC902AC9AB03001BF9AC /* PDFViewModel.swift */,
				213AAC922AC9AB9B001BF9AC /* PDFViewController.swift */,
			);
			path = "PDFViewController+ViewModel";
			sourceTree = "<group>";
		};
		21C8F5362AEABE9D00CB6861 /* NewsImageView */ = {
			isa = PBXGroup;
			children = (
				21C8F5342AEABE9500CB6861 /* CustomNewsImageView.swift */,
			);
			path = NewsImageView;
			sourceTree = "<group>";
		};
		21C8F5372AEABF0B00CB6861 /* CellComponents */ = {
			isa = PBXGroup;
			children = (
				21C8F5362AEABE9D00CB6861 /* NewsImageView */,
				21C8F53A2AEABF2900CB6861 /* NewsTitleLabel */,
				21C8F53B2AEABF9700CB6861 /* NewsDateLabel */,
				21C8F53E2AEAC00800CB6861 /* NewsPressLabel */,
				21CAC5452ADBBE5000B13EC9 /* BookMarkButton */,
				21CAC5482ADC130A00B13EC9 /* JournalWrittenView */,
				21C8F5432AEAC70000CB6861 /* SelectedCheckImageView */,
			);
			path = CellComponents;
			sourceTree = "<group>";
		};
		21C8F53A2AEABF2900CB6861 /* NewsTitleLabel */ = {
			isa = PBXGroup;
			children = (
				21C8F5382AEABF2100CB6861 /* CustomNewsTitleLabel.swift */,
			);
			path = NewsTitleLabel;
			sourceTree = "<group>";
		};
		21C8F53B2AEABF9700CB6861 /* NewsDateLabel */ = {
			isa = PBXGroup;
			children = (
				21C8F53C2AEABFA700CB6861 /* CustomNewsDateLabel.swift */,
			);
			path = NewsDateLabel;
			sourceTree = "<group>";
		};
		21C8F53E2AEAC00800CB6861 /* NewsPressLabel */ = {
			isa = PBXGroup;
			children = (
				21C8F53F2AEAC01400CB6861 /* CustomNewsPressLabel.swift */,
			);
			path = NewsPressLabel;
			sourceTree = "<group>";
		};
		21C8F5432AEAC70000CB6861 /* SelectedCheckImageView */ = {
			isa = PBXGroup;
			children = (
				21C8F5442AEAC71E00CB6861 /* CustomSelectedCheckImageView.swift */,
			);
			path = SelectedCheckImageView;
			sourceTree = "<group>";
		};
		21C8F5462AEAD0A200CB6861 /* WobbleAnimation */ = {
			isa = PBXGroup;
			children = (
				21C8F5492AEAD21A00CB6861 /* Enum+WobbleAnimationSetupValues.swift */,
				21C8F5472AEAD0C000CB6861 /* CustomWobbleAnimation.swift */,
			);
			path = WobbleAnimation;
			sourceTree = "<group>";
		};
		21C8F54B2AEAD88000CB6861 /* DefaultHome */ = {
			isa = PBXGroup;
			children = (
				21CAC54B2ADC2E1000B13EC9 /* Enum+DefaultHomeViewSetupValues.swift */,
				212CE3042AD923F500A56AD0 /* DefaultNewsHomeViewController.swift */,
			);
			path = DefaultHome;
			sourceTree = "<group>";
		};
		21CAC5452ADBBE5000B13EC9 /* BookMarkButton */ = {
			isa = PBXGroup;
			children = (
				21CAC5462ADBBE6000B13EC9 /* CustomBookMarkButton.swift */,
			);
			path = BookMarkButton;
			sourceTree = "<group>";
		};
		21CAC5482ADC130A00B13EC9 /* JournalWrittenView */ = {
			isa = PBXGroup;
			children = (
				21CAC5492ADC131E00B13EC9 /* CustomJournalWrittenImageView.swift */,
			);
			path = JournalWrittenView;
			sourceTree = "<group>";
		};
		21D012342ADA993200963674 /* NetworkError */ = {
			isa = PBXGroup;
			children = (
				21E830BF2ACA92980009025D /* Enum+NaverNetworkError.swift */,
				21D012322ADA982700963674 /* Enum+MediaStackNetworkError.swift */,
				212DD7402AE5862000409855 /* Enum+NewsAPINetworkError.swift */,
			);
			path = NetworkError;
			sourceTree = "<group>";
		};
		21D012372ADAC47500963674 /* Router */ = {
			isa = PBXGroup;
			children = (
				210821612AC869B900A999AC /* NaverRouter.swift */,
				21D012352ADAC31E00963674 /* MediaStackRouter.swift */,
				212DD73E2AE5855100409855 /* NewsAPIRouter.swift */,
			);
			path = Router;
			sourceTree = "<group>";
		};
		21D983F32AE2B6650056452D /* ViewModel+Controller */ = {
			isa = PBXGroup;
			children = (
				217FC7112ADAE43F00ED14EE /* DefaultMediaStackNewsViewModel.swift */,
				212B0E922AD9B9850006FD1A /* DefaultMediaStackNewsViewController.swift */,
			);
			path = "ViewModel+Controller";
			sourceTree = "<group>";
		};
		21D983F62AE2B6850056452D /* ViewModel+Cell */ = {
			isa = PBXGroup;
			children = (
				21D983F72AE2B6940056452D /* DefaultMediaStackNewsCellViewModel.swift */,
				21D983F42AE2B67F0056452D /* DefaultMediaStackNewsCell.swift */,
			);
			path = "ViewModel+Cell";
			sourceTree = "<group>";
		};
		21E830C72ACAC5130009025D /* Enum+NewsSearch */ = {
			isa = PBXGroup;
			children = (
				213AAC942AC9B13D001BF9AC /* Enum+LPError.swift */,
				211F00FF2AE3C4C100E0249B /* Enum+SearchAPIType.swift */,
				213AAC962AC9BC3C001BF9AC /* Enum+NaverNewsSearchSortType.swift */,
				212DD7422AE58A4F00409855 /* Enum+NewsAPISearchSortType.swift */,
				219D89362AEC1427002B97EF /* Enum+NewsAPISearchQueryBlankReplacementType.swift */,
				21E830C52ACAC4F40009025D /* Enum+NewsSearchSetupValues.swift */,
			);
			path = "Enum+NewsSearch";
			sourceTree = "<group>";
		};
		21E830CE2ACAC6390009025D /* NewsLinkPresentationCell+ViewModel */ = {
			isa = PBXGroup;
			children = (
				212B0E892AD934EC0006FD1A /* Enum+MappingURLPress.swift */,
				21E830CC2ACAC62D0009025D /* NewsLinkPresentationViewModel.swift */,
				21E830C32ACAA7FB0009025D /* NewsLinkPresentationCell.swift */,
			);
			path = "NewsLinkPresentationCell+ViewModel";
			sourceTree = "<group>";
		};
		21E830CF2ACAC64E0009025D /* NewsSearchViewController+ViewModel */ = {
			isa = PBXGroup;
			children = (
				210821372AC85FFF00A999AC /* NewsSearchViewModel.swift */,
				210821232AC85E5D00A999AC /* NewsSearchViewController.swift */,
			);
			path = "NewsSearchViewController+ViewModel";
			sourceTree = "<group>";
		};
/* End PBXGroup section */

/* Begin PBXNativeTarget section */
		2108211B2AC85E5D00A999AC /* NewsJournal */ = {
			isa = PBXNativeTarget;
			buildConfigurationList = 210821302AC85E5E00A999AC /* Build configuration list for PBXNativeTarget "NewsJournal" */;
			buildPhases = (
				210821182AC85E5D00A999AC /* Sources */,
				210821192AC85E5D00A999AC /* Frameworks */,
				2108211A2AC85E5D00A999AC /* Resources */,
				212065BE2AFFDBC2000A5245 /* ShellScript */,
			);
			buildRules = (
			);
			dependencies = (
			);
			name = NewsJournal;
			packageProductDependencies = (
				21A1DA542AD0707F002A89CB /* SnapKit */,
				21A1DA572AD07089002A89CB /* Alamofire */,
				21A1DA5A2AD070AC002A89CB /* Realm */,
				21A1DA5C2AD070AC002A89CB /* RealmSwift */,
				212B0E8C2AD9B87B0006FD1A /* Tabman */,
				21D983FC2AE2F6580056452D /* Kingfisher */,
				21C8F5322AEA4DBA00CB6861 /* SkeletonView */,
				21F2F7552AF87D7C0001ABF8 /* JDStatusBarNotification */,
				21F2F7582AF880C20001ABF8 /* RxCocoa */,
				21F2F75A2AF880C20001ABF8 /* RxSwift */,
				212065B82AFFCDDE000A5245 /* FirebaseAnalyticsWithoutAdIdSupport */,
				212065BA2AFFCDDE000A5245 /* FirebaseCrashlytics */,
				212065BC2AFFCDDE000A5245 /* FirebaseMessaging */,
			);
			productName = NewsJournal;
			productReference = 2108211C2AC85E5D00A999AC /* NewsJournal.app */;
			productType = "com.apple.product-type.application";
		};
/* End PBXNativeTarget section */

/* Begin PBXProject section */
		210821142AC85E5D00A999AC /* Project object */ = {
			isa = PBXProject;
			attributes = {
				BuildIndependentTargetsInParallel = 1;
				LastSwiftUpdateCheck = 1430;
				LastUpgradeCheck = 1500;
				TargetAttributes = {
					2108211B2AC85E5D00A999AC = {
						CreatedOnToolsVersion = 14.3.1;
					};
				};
			};
			buildConfigurationList = 210821172AC85E5D00A999AC /* Build configuration list for PBXProject "NewsJournal" */;
			compatibilityVersion = "Xcode 14.0";
			developmentRegion = en;
			hasScannedForEncodings = 0;
			knownRegions = (
				en,
				Base,
				ko,
			);
			mainGroup = 210821132AC85E5D00A999AC;
			packageReferences = (
				21A1DA532AD0707F002A89CB /* XCRemoteSwiftPackageReference "SnapKit" */,
				21A1DA562AD07089002A89CB /* XCRemoteSwiftPackageReference "Alamofire" */,
				21A1DA592AD070AC002A89CB /* XCRemoteSwiftPackageReference "realm-swift" */,
				212B0E8B2AD9B87B0006FD1A /* XCRemoteSwiftPackageReference "Tabman" */,
				21D983FB2AE2F6580056452D /* XCRemoteSwiftPackageReference "Kingfisher" */,
				21C8F5312AEA4DBA00CB6861 /* XCRemoteSwiftPackageReference "SkeletonView" */,
				21FCBAFD2AF7F26700B64A1C /* XCRemoteSwiftPackageReference "JDStatusBarNotification" */,
				21F2F7572AF880C20001ABF8 /* XCRemoteSwiftPackageReference "RxSwift" */,
				212065B72AFFCDDE000A5245 /* XCRemoteSwiftPackageReference "firebase-ios-sdk" */,
			);
			productRefGroup = 2108211D2AC85E5D00A999AC /* Products */;
			projectDirPath = "";
			projectRoot = "";
			targets = (
				2108211B2AC85E5D00A999AC /* NewsJournal */,
			);
		};
/* End PBXProject section */

/* Begin PBXResourcesBuildPhase section */
		2108211A2AC85E5D00A999AC /* Resources */ = {
			isa = PBXResourcesBuildPhase;
			buildActionMask = 2147483647;
			files = (
				210821342AC85E9300A999AC /* .gitignore in Resources */,
				212065B62AFFCD3E000A5245 /* GoogleService-Info.plist in Resources */,
				212065C32B00082C000A5245 /* GoogleService-Info.plist in Resources */,
				2108212C2AC85E5E00A999AC /* LaunchScreen.storyboard in Resources */,
				210821292AC85E5E00A999AC /* Assets.xcassets in Resources */,
			);
			runOnlyForDeploymentPostprocessing = 0;
		};
/* End PBXResourcesBuildPhase section */

/* Begin PBXShellScriptBuildPhase section */
		212065BE2AFFDBC2000A5245 /* ShellScript */ = {
			isa = PBXShellScriptBuildPhase;
			buildActionMask = 2147483647;
			files = (
			);
			inputFileListPaths = (
			);
			inputPaths = (
				"${DWARF_DSYM_FOLDER_PATH}/${DWARF_DSYM_FILE_NAME}",
				"${DWARF_DSYM_FOLDER_PATH}/${DWARF_DSYM_FILE_NAME}/Contents/Resources/DWARF/${PRODUCT_NAME}",
				"${DWARF_DSYM_FOLDER_PATH}/${DWARF_DSYM_FILE_NAME}/Contents/Info.plist",
				"$(TARGET_BUILD_DIR)/$(UNLOCALIZED_RESOURCES_FOLDER_PATH)/GoogleService-Info.plist",
				"$(TARGET_BUILD_DIR)/$(EXECUTABLE_PATH)",
			);
			outputFileListPaths = (
			);
			outputPaths = (
			);
			runOnlyForDeploymentPostprocessing = 0;
			shellPath = /bin/sh;
			shellScript = "# Type a script or drag a script file from your workspace to insert its path.\n\"${BUILD_DIR%/Build/*}/SourcePackages/checkouts/firebase-ios-sdk/Crashlytics/run\"\n";
		};
/* End PBXShellScriptBuildPhase section */

/* Begin PBXSourcesBuildPhase section */
		210821182AC85E5D00A999AC /* Sources */ = {
			isa = PBXSourcesBuildPhase;
			buildActionMask = 2147483647;
			files = (
				21C8F5422AEAC4D800CB6861 /* TimeDelay.swift in Sources */,
				211F01032AE4492D00E0249B /* CustomSearchOptionButton.swift in Sources */,
				217FC7182ADAF99800ED14EE /* DefaultNaverNewsCellViewModel.swift in Sources */,
				210821602AC869B400A999AC /* Network.swift in Sources */,
				21D012362ADAC31E00963674 /* MediaStackRouter.swift in Sources */,
				217FC71D2ADAFA5300ED14EE /* CacheManager.swift in Sources */,
				213AAC972AC9BC3C001BF9AC /* Enum+NaverNewsSearchSortType.swift in Sources */,
				21D012332ADA982700963674 /* Enum+MediaStackNetworkError.swift in Sources */,
				21E830C02ACA92980009025D /* Enum+NaverNetworkError.swift in Sources */,
				2108216B2AC86AD700A999AC /* WebViewModel.swift in Sources */,
				210337192AD18C0D00B88BCC /* Extension+UICollectionView.swift in Sources */,
				21C8F5402AEAC01400CB6861 /* CustomNewsPressLabel.swift in Sources */,
				2108214C2AC864AF00A999AC /* Frame.swift in Sources */,
				210821642AC869F300A999AC /* Repository.swift in Sources */,
				21290CA92AD563C2001FAA49 /* OnBoardingViewController.swift in Sources */,
				210821242AC85E5D00A999AC /* NewsSearchViewController.swift in Sources */,
				210821512AC8652300A999AC /* NaverNewsAPIStruct.swift in Sources */,
				21C8F54A2AEAD21A00CB6861 /* Enum+WobbleAnimationSetupValues.swift in Sources */,
				2187A3912AE808ED0050F60A /* BookMarkedNewsCell.swift in Sources */,
				213AAC8C2AC9A485001BF9AC /* Enum+BarButtonType.swift in Sources */,
				219D89332AEBB1A0002B97EF /* Image.swift in Sources */,
				2180E5662ACB197E00CAC283 /* Extension+String.swift in Sources */,
				210821772AC86D7E00A999AC /* Extension+NotificationName.swift in Sources */,
				21E830C62ACAC4F50009025D /* Enum+NewsSearchSetupValues.swift in Sources */,
				21E830C22ACA9A120009025D /* APISetup.swift in Sources */,
				21CAC54C2ADC2E1000B13EC9 /* Enum+DefaultHomeViewSetupValues.swift in Sources */,
				21C8F53D2AEABFA700CB6861 /* CustomNewsDateLabel.swift in Sources */,
				213AAC7F2AC95FEA001BF9AC /* Enum+TagType.swift in Sources */,
				21C8F5482AEAD0C000CB6861 /* CustomWobbleAnimation.swift in Sources */,
				212CE30A2AD928CA00A56AD0 /* UserSearchKeyword.swift in Sources */,
				217FC7152ADAF94700ED14EE /* DefaultNaverNewsCell.swift in Sources */,
				210821432AC8636500A999AC /* JournalViewModel.swift in Sources */,
				2108214E2AC864C900A999AC /* Color.swift in Sources */,
				213AAC7B2AC952BE001BF9AC /* Enum+ViewControllerType.swift in Sources */,
				21E830C92ACAC5440009025D /* JournalRealmCell.swift in Sources */,
				213AAC932AC9AB9B001BF9AC /* PDFViewController.swift in Sources */,
				2108216E2AC86AF200A999AC /* MemoViewController.swift in Sources */,
				217FC7222ADAFD4D00ED14EE /* Enum+CacheManagerError.swift in Sources */,
				21BD223F2ACBC3AE005EE249 /* Protocol+RealmRepository.swift in Sources */,
				21DA05D02AD7EF9B00ECA50E /* Enum+RealmSetupValues.swift in Sources */,
				217FC70F2ADAE42100ED14EE /* DefaultNaverNewsViewModel.swift in Sources */,
				21BD22502ACC625F005EE249 /* Enum+PDFCreatorSetValues.swift in Sources */,
				21BD22412ACBF05D005EE249 /* Enum+RealmError.swift in Sources */,
				2108213E2AC862EF00A999AC /* TabBarController.swift in Sources */,
				21BD224E2ACC5A81005EE249 /* Enum+SubDataType.swift in Sources */,
				210337172AD1518500B88BCC /* Enum+AlertConfirmText.swift in Sources */,
				219D893A2AEC2DE1002B97EF /* CustomSearchOptionLabel.swift in Sources */,
				213AAC8F2AC9AABC001BF9AC /* PDFDocumentCreator.swift in Sources */,
				211E7A582AE90F8400658ED2 /* Enum+NotificationUserInfoName.swift in Sources */,
				21D983F82AE2B6940056452D /* DefaultMediaStackNewsCellViewModel.swift in Sources */,
				219D89372AEC1427002B97EF /* Enum+NewsAPISearchQueryBlankReplacementType.swift in Sources */,
				21C8F5392AEABF2100CB6861 /* CustomNewsTitleLabel.swift in Sources */,
				216887EC2ACE74A5008A8A40 /* Enum+MemoError.swift in Sources */,
				219D89312AEBB186002B97EF /* Label.swift in Sources */,
				212B0E932AD9B9850006FD1A /* DefaultMediaStackNewsViewController.swift in Sources */,
				210821532AC8653300A999AC /* BookMarkedNewsWithMemoAndTag.swift in Sources */,
				212DD7452AE58BE200409855 /* NewsAPIStruct.swift in Sources */,
				21B6F3912AD2F1DB00983F55 /* Extension+Date.swift in Sources */,
				213AAC842AC962E5001BF9AC /* CustomSearchBar.swift in Sources */,
				213AAC7D2AC95F6D001BF9AC /* CustomTagButton.swift in Sources */,
				21290CC12AD56B9A001FAA49 /* Enum+OnBoardingSetupValues.swift in Sources */,
				21D983F52AE2B67F0056452D /* DefaultMediaStackNewsCell.swift in Sources */,
				21290CC32AD56E19001FAA49 /* OnBoardingViewModel.swift in Sources */,
				210821202AC85E5D00A999AC /* AppDelegate.swift in Sources */,
				212CE3072AD9281F00A56AD0 /* MediaStackNewsAPIStruct.swift in Sources */,
				21DA05D22AD7F0A100ECA50E /* Enum+NetworkSetupValues.swift in Sources */,
				212DD73F2AE5855100409855 /* NewsAPIRouter.swift in Sources */,
				212B0E8A2AD934EC0006FD1A /* Enum+MappingURLPress.swift in Sources */,
				216887FE2ACEF7CD008A8A40 /* CustomPullDownButton.swift in Sources */,
				213AAC912AC9AB03001BF9AC /* PDFViewModel.swift in Sources */,
				210821712AC86BA100A999AC /* MemoViewModel.swift in Sources */,
				216887EA2ACE4671008A8A40 /* CustomTextField.swift in Sources */,
				219D893C2AEC2E00002B97EF /* Enum+SearchOptionTitle.swift in Sources */,
				217FC71B2ADAFA1200ED14EE /* Extension+Data.swift in Sources */,
				210821382AC85FFF00A999AC /* NewsSearchViewModel.swift in Sources */,
				21CAC5472ADBBE6000B13EC9 /* CustomBookMarkButton.swift in Sources */,
				211E7A5A2AE96D7E00658ED2 /* Enum+APIType.swift in Sources */,
				2187A3932AE809520050F60A /* BookMarkedNewsCellViewModel.swift in Sources */,
				2191529D2ACD51F700D57439 /* Enum+WebViewError.swift in Sources */,
				21E830CB2ACAC56D0009025D /* BaseCollectionViewCell.swift in Sources */,
				21CAC54A2ADC131E00B13EC9 /* CustomJournalWrittenImageView.swift in Sources */,
				211F01002AE3C4C100E0249B /* Enum+SearchAPIType.swift in Sources */,
				210821622AC869B900A999AC /* NaverRouter.swift in Sources */,
				212DD7412AE5862000409855 /* Enum+NewsAPINetworkError.swift in Sources */,
				212CE3052AD923F600A56AD0 /* DefaultNewsHomeViewController.swift in Sources */,
				216887E72ACE45E1008A8A40 /* CustomTextView.swift in Sources */,
				21C8F5452AEAC71E00CB6861 /* CustomSelectedCheckImageView.swift in Sources */,
				21E830C42ACAA7FB0009025D /* NewsLinkPresentationCell.swift in Sources */,
				210821692AC86ACD00A999AC /* WebViewController.swift in Sources */,
				21C8F5352AEABE9500CB6861 /* CustomNewsImageView.swift in Sources */,
				213AAC952AC9B13D001BF9AC /* Enum+LPError.swift in Sources */,
				210821742AC86D5700A999AC /* UserDefaultsManager.swift in Sources */,
				216887EF2ACE758A008A8A40 /* Enum+UserDefaultsError.swift in Sources */,
				210821672AC86AA600A999AC /* BaseViewController.swift in Sources */,
				2180E5632ACB131000CAC283 /* Enum+JournalRealmSetupValues.swift in Sources */,
				212DD7432AE58A4F00409855 /* Enum+NewsAPISearchSortType.swift in Sources */,
				2180E5692ACB19AF00CAC283 /* Extension+NSAttributedString.swift in Sources */,
				213AAC822AC960C7001BF9AC /* Font.swift in Sources */,
				2103371B2AD18FB300B88BCC /* ImageString.swift in Sources */,
				212B0E912AD9B93F0006FD1A /* DefaultNaverNewsViewController.swift in Sources */,
				210821222AC85E5D00A999AC /* SceneDelegate.swift in Sources */,
				212065C12B0007ED000A5245 /* APIKey.swift in Sources */,
				210821402AC8633A00A999AC /* JournalViewController.swift in Sources */,
				210821792AC8725700A999AC /* Observable.swift in Sources */,
				216887E42ACE451F008A8A40 /* Enum+MemoSetupValues.swift in Sources */,
				21BD22432ACBF6CB005EE249 /* DynamicHeightCompositionalLayout.swift in Sources */,
				217FC70D2ADAE18700ED14EE /* DTONewsAPI.swift in Sources */,
				21FCBB052AF7F37F00B64A1C /* APIKey.swift in Sources */,
				213AAC8A2AC9A11A001BF9AC /* CustomBarButtonItem.swift in Sources */,
				217FC7122ADAE43F00ED14EE /* DefaultMediaStackNewsViewModel.swift in Sources */,
				217FC7202ADAFCB900ED14EE /* Extension+CacheManager.swift in Sources */,
				21E830CD2ACAC62D0009025D /* NewsLinkPresentationViewModel.swift in Sources */,
				2187A38F2AE7A09B0050F60A /* Enum+WebViewSetupValues.swift in Sources */,
			);
			runOnlyForDeploymentPostprocessing = 0;
		};
/* End PBXSourcesBuildPhase section */

/* Begin PBXVariantGroup section */
		2108212A2AC85E5E00A999AC /* LaunchScreen.storyboard */ = {
			isa = PBXVariantGroup;
			children = (
				2108212B2AC85E5E00A999AC /* Base */,
			);
			name = LaunchScreen.storyboard;
			sourceTree = "<group>";
		};
/* End PBXVariantGroup section */

/* Begin XCBuildConfiguration section */
		2108212E2AC85E5E00A999AC /* Debug */ = {
			isa = XCBuildConfiguration;
			buildSettings = {
				ALWAYS_SEARCH_USER_PATHS = NO;
				CLANG_ANALYZER_LOCALIZABILITY_NONLOCALIZED = YES;
				CLANG_ANALYZER_NONNULL = YES;
				CLANG_ANALYZER_NUMBER_OBJECT_CONVERSION = YES_AGGRESSIVE;
				CLANG_CXX_LANGUAGE_STANDARD = "gnu++20";
				CLANG_ENABLE_MODULES = YES;
				CLANG_ENABLE_OBJC_ARC = YES;
				CLANG_ENABLE_OBJC_WEAK = YES;
				CLANG_WARN_BLOCK_CAPTURE_AUTORELEASING = YES;
				CLANG_WARN_BOOL_CONVERSION = YES;
				CLANG_WARN_COMMA = YES;
				CLANG_WARN_CONSTANT_CONVERSION = YES;
				CLANG_WARN_DEPRECATED_OBJC_IMPLEMENTATIONS = YES;
				CLANG_WARN_DIRECT_OBJC_ISA_USAGE = YES_ERROR;
				CLANG_WARN_DOCUMENTATION_COMMENTS = YES;
				CLANG_WARN_EMPTY_BODY = YES;
				CLANG_WARN_ENUM_CONVERSION = YES;
				CLANG_WARN_INFINITE_RECURSION = YES;
				CLANG_WARN_INT_CONVERSION = YES;
				CLANG_WARN_NON_LITERAL_NULL_CONVERSION = YES;
				CLANG_WARN_OBJC_IMPLICIT_RETAIN_SELF = YES;
				CLANG_WARN_OBJC_LITERAL_CONVERSION = YES;
				CLANG_WARN_OBJC_ROOT_CLASS = YES_ERROR;
				CLANG_WARN_QUOTED_INCLUDE_IN_FRAMEWORK_HEADER = YES;
				CLANG_WARN_RANGE_LOOP_ANALYSIS = YES;
				CLANG_WARN_STRICT_PROTOTYPES = YES;
				CLANG_WARN_SUSPICIOUS_MOVE = YES;
				CLANG_WARN_UNGUARDED_AVAILABILITY = YES_AGGRESSIVE;
				CLANG_WARN_UNREACHABLE_CODE = YES;
				CLANG_WARN__DUPLICATE_METHOD_MATCH = YES;
				COPY_PHASE_STRIP = NO;
				DEBUG_INFORMATION_FORMAT = dwarf;
				ENABLE_STRICT_OBJC_MSGSEND = YES;
				ENABLE_TESTABILITY = YES;
				ENABLE_USER_SCRIPT_SANDBOXING = YES;
				GCC_C_LANGUAGE_STANDARD = gnu11;
				GCC_DYNAMIC_NO_PIC = NO;
				GCC_NO_COMMON_BLOCKS = YES;
				GCC_OPTIMIZATION_LEVEL = 0;
				GCC_PREPROCESSOR_DEFINITIONS = (
					"DEBUG=1",
					"$(inherited)",
				);
				GCC_WARN_64_TO_32_BIT_CONVERSION = YES;
				GCC_WARN_ABOUT_RETURN_TYPE = YES_ERROR;
				GCC_WARN_UNDECLARED_SELECTOR = YES;
				GCC_WARN_UNINITIALIZED_AUTOS = YES_AGGRESSIVE;
				GCC_WARN_UNUSED_FUNCTION = YES;
				GCC_WARN_UNUSED_VARIABLE = YES;
				IPHONEOS_DEPLOYMENT_TARGET = 15.0;
				MTL_ENABLE_DEBUG_INFO = INCLUDE_SOURCE;
				MTL_FAST_MATH = YES;
				ONLY_ACTIVE_ARCH = YES;
				SDKROOT = iphoneos;
				SWIFT_ACTIVE_COMPILATION_CONDITIONS = DEBUG;
				SWIFT_OPTIMIZATION_LEVEL = "-Onone";
			};
			name = Debug;
		};
		2108212F2AC85E5E00A999AC /* Release */ = {
			isa = XCBuildConfiguration;
			buildSettings = {
				ALWAYS_SEARCH_USER_PATHS = NO;
				CLANG_ANALYZER_LOCALIZABILITY_NONLOCALIZED = YES;
				CLANG_ANALYZER_NONNULL = YES;
				CLANG_ANALYZER_NUMBER_OBJECT_CONVERSION = YES_AGGRESSIVE;
				CLANG_CXX_LANGUAGE_STANDARD = "gnu++20";
				CLANG_ENABLE_MODULES = YES;
				CLANG_ENABLE_OBJC_ARC = YES;
				CLANG_ENABLE_OBJC_WEAK = YES;
				CLANG_WARN_BLOCK_CAPTURE_AUTORELEASING = YES;
				CLANG_WARN_BOOL_CONVERSION = YES;
				CLANG_WARN_COMMA = YES;
				CLANG_WARN_CONSTANT_CONVERSION = YES;
				CLANG_WARN_DEPRECATED_OBJC_IMPLEMENTATIONS = YES;
				CLANG_WARN_DIRECT_OBJC_ISA_USAGE = YES_ERROR;
				CLANG_WARN_DOCUMENTATION_COMMENTS = YES;
				CLANG_WARN_EMPTY_BODY = YES;
				CLANG_WARN_ENUM_CONVERSION = YES;
				CLANG_WARN_INFINITE_RECURSION = YES;
				CLANG_WARN_INT_CONVERSION = YES;
				CLANG_WARN_NON_LITERAL_NULL_CONVERSION = YES;
				CLANG_WARN_OBJC_IMPLICIT_RETAIN_SELF = YES;
				CLANG_WARN_OBJC_LITERAL_CONVERSION = YES;
				CLANG_WARN_OBJC_ROOT_CLASS = YES_ERROR;
				CLANG_WARN_QUOTED_INCLUDE_IN_FRAMEWORK_HEADER = YES;
				CLANG_WARN_RANGE_LOOP_ANALYSIS = YES;
				CLANG_WARN_STRICT_PROTOTYPES = YES;
				CLANG_WARN_SUSPICIOUS_MOVE = YES;
				CLANG_WARN_UNGUARDED_AVAILABILITY = YES_AGGRESSIVE;
				CLANG_WARN_UNREACHABLE_CODE = YES;
				CLANG_WARN__DUPLICATE_METHOD_MATCH = YES;
				COPY_PHASE_STRIP = NO;
				DEBUG_INFORMATION_FORMAT = "dwarf-with-dsym";
				ENABLE_NS_ASSERTIONS = NO;
				ENABLE_STRICT_OBJC_MSGSEND = YES;
				ENABLE_USER_SCRIPT_SANDBOXING = YES;
				GCC_C_LANGUAGE_STANDARD = gnu11;
				GCC_NO_COMMON_BLOCKS = YES;
				GCC_WARN_64_TO_32_BIT_CONVERSION = YES;
				GCC_WARN_ABOUT_RETURN_TYPE = YES_ERROR;
				GCC_WARN_UNDECLARED_SELECTOR = YES;
				GCC_WARN_UNINITIALIZED_AUTOS = YES_AGGRESSIVE;
				GCC_WARN_UNUSED_FUNCTION = YES;
				GCC_WARN_UNUSED_VARIABLE = YES;
				IPHONEOS_DEPLOYMENT_TARGET = 15.0;
				MTL_ENABLE_DEBUG_INFO = NO;
				MTL_FAST_MATH = YES;
				SDKROOT = iphoneos;
				SWIFT_COMPILATION_MODE = wholemodule;
				SWIFT_OPTIMIZATION_LEVEL = "-O";
				VALIDATE_PRODUCT = YES;
			};
			name = Release;
		};
		210821312AC85E5E00A999AC /* Debug */ = {
			isa = XCBuildConfiguration;
			buildSettings = {
				ALWAYS_EMBED_SWIFT_STANDARD_LIBRARIES = "$(EMBEDDED_CONTENT_CONTAINS_SWIFT)";
				ASSETCATALOG_COMPILER_APPICON_NAME = AppIcon;
				ASSETCATALOG_COMPILER_GLOBAL_ACCENT_COLOR_NAME = AccentColor;
				CODE_SIGN_ENTITLEMENTS = NewsJournal/NewsJournal.entitlements;
				CODE_SIGN_STYLE = Automatic;
				CURRENT_PROJECT_VERSION = 1;
				DEBUG_INFORMATION_FORMAT = "dwarf-with-dsym";
				DEVELOPMENT_TEAM = PSU86J5852;
				GENERATE_INFOPLIST_FILE = YES;
				INFOPLIST_FILE = NewsJournal/Info.plist;
				INFOPLIST_KEY_CFBundleDisplayName = NewsForce;
				INFOPLIST_KEY_LSApplicationCategoryType = "public.app-category.news";
				INFOPLIST_KEY_UIApplicationSupportsIndirectInputEvents = YES;
				INFOPLIST_KEY_UILaunchStoryboardName = LaunchScreen;
				INFOPLIST_KEY_UISupportedInterfaceOrientations = UIInterfaceOrientationPortrait;
				INFOPLIST_KEY_UISupportedInterfaceOrientations_iPad = "UIInterfaceOrientationLandscapeLeft UIInterfaceOrientationLandscapeRight UIInterfaceOrientationPortrait UIInterfaceOrientationPortraitUpsideDown";
				INFOPLIST_KEY_UIUserInterfaceStyle = Light;
				IPHONEOS_DEPLOYMENT_TARGET = 15.0;
				LD_RUNPATH_SEARCH_PATHS = (
					"$(inherited)",
					"@executable_path/Frameworks",
				);
				MARKETING_VERSION = 1.2.1;
				PRODUCT_BUNDLE_IDENTIFIER = com.phillyh.NewsJournal;
				PRODUCT_NAME = "$(TARGET_NAME)";
				SUPPORTED_PLATFORMS = "iphoneos iphonesimulator";
				SUPPORTS_MACCATALYST = NO;
				SUPPORTS_MAC_DESIGNED_FOR_IPHONE_IPAD = NO;
				SWIFT_EMIT_LOC_STRINGS = YES;
				SWIFT_VERSION = 5.0;
				TARGETED_DEVICE_FAMILY = 1;
			};
			name = Debug;
		};
		210821322AC85E5E00A999AC /* Release */ = {
			isa = XCBuildConfiguration;
			buildSettings = {
				ALWAYS_EMBED_SWIFT_STANDARD_LIBRARIES = "$(EMBEDDED_CONTENT_CONTAINS_SWIFT)";
				ASSETCATALOG_COMPILER_APPICON_NAME = AppIcon;
				ASSETCATALOG_COMPILER_GLOBAL_ACCENT_COLOR_NAME = AccentColor;
				CODE_SIGN_ENTITLEMENTS = NewsJournal/NewsJournal.entitlements;
				CODE_SIGN_STYLE = Automatic;
				CURRENT_PROJECT_VERSION = 1;
				DEVELOPMENT_TEAM = PSU86J5852;
				GENERATE_INFOPLIST_FILE = YES;
				INFOPLIST_FILE = NewsJournal/Info.plist;
				INFOPLIST_KEY_CFBundleDisplayName = NewsForce;
				INFOPLIST_KEY_LSApplicationCategoryType = "public.app-category.news";
				INFOPLIST_KEY_UIApplicationSupportsIndirectInputEvents = YES;
				INFOPLIST_KEY_UILaunchStoryboardName = LaunchScreen;
				INFOPLIST_KEY_UISupportedInterfaceOrientations = UIInterfaceOrientationPortrait;
				INFOPLIST_KEY_UISupportedInterfaceOrientations_iPad = "UIInterfaceOrientationLandscapeLeft UIInterfaceOrientationLandscapeRight UIInterfaceOrientationPortrait UIInterfaceOrientationPortraitUpsideDown";
				INFOPLIST_KEY_UIUserInterfaceStyle = Light;
				IPHONEOS_DEPLOYMENT_TARGET = 15.0;
				LD_RUNPATH_SEARCH_PATHS = (
					"$(inherited)",
					"@executable_path/Frameworks",
				);
				MARKETING_VERSION = 1.2.1;
				PRODUCT_BUNDLE_IDENTIFIER = com.phillyh.NewsJournal;
				PRODUCT_NAME = "$(TARGET_NAME)";
				SUPPORTED_PLATFORMS = "iphoneos iphonesimulator";
				SUPPORTS_MACCATALYST = NO;
				SUPPORTS_MAC_DESIGNED_FOR_IPHONE_IPAD = NO;
				SWIFT_EMIT_LOC_STRINGS = YES;
				SWIFT_VERSION = 5.0;
				TARGETED_DEVICE_FAMILY = 1;
			};
			name = Release;
		};
/* End XCBuildConfiguration section */

/* Begin XCConfigurationList section */
		210821172AC85E5D00A999AC /* Build configuration list for PBXProject "NewsJournal" */ = {
			isa = XCConfigurationList;
			buildConfigurations = (
				2108212E2AC85E5E00A999AC /* Debug */,
				2108212F2AC85E5E00A999AC /* Release */,
			);
			defaultConfigurationIsVisible = 0;
			defaultConfigurationName = Release;
		};
		210821302AC85E5E00A999AC /* Build configuration list for PBXNativeTarget "NewsJournal" */ = {
			isa = XCConfigurationList;
			buildConfigurations = (
				210821312AC85E5E00A999AC /* Debug */,
				210821322AC85E5E00A999AC /* Release */,
			);
			defaultConfigurationIsVisible = 0;
			defaultConfigurationName = Release;
		};
/* End XCConfigurationList section */

/* Begin XCRemoteSwiftPackageReference section */
		212065B72AFFCDDE000A5245 /* XCRemoteSwiftPackageReference "firebase-ios-sdk" */ = {
			isa = XCRemoteSwiftPackageReference;
			repositoryURL = "https://github.com/firebase/firebase-ios-sdk.git";
			requirement = {
				kind = upToNextMajorVersion;
				minimumVersion = 10.17.0;
			};
		};
		212B0E8B2AD9B87B0006FD1A /* XCRemoteSwiftPackageReference "Tabman" */ = {
			isa = XCRemoteSwiftPackageReference;
			repositoryURL = "https://github.com/uias/Tabman.git";
			requirement = {
				kind = upToNextMajorVersion;
				minimumVersion = 3.0.0;
			};
		};
		21A1DA532AD0707F002A89CB /* XCRemoteSwiftPackageReference "SnapKit" */ = {
			isa = XCRemoteSwiftPackageReference;
			repositoryURL = "https://github.com/SnapKit/SnapKit.git";
			requirement = {
				kind = upToNextMajorVersion;
				minimumVersion = 5.0.0;
			};
		};
		21A1DA562AD07089002A89CB /* XCRemoteSwiftPackageReference "Alamofire" */ = {
			isa = XCRemoteSwiftPackageReference;
			repositoryURL = "https://github.com/Alamofire/Alamofire.git";
			requirement = {
				kind = upToNextMajorVersion;
				minimumVersion = 5.0.0;
			};
		};
		21A1DA592AD070AC002A89CB /* XCRemoteSwiftPackageReference "realm-swift" */ = {
			isa = XCRemoteSwiftPackageReference;
			repositoryURL = "https://github.com/realm/realm-swift.git";
			requirement = {
				kind = upToNextMajorVersion;
				minimumVersion = 10.0.0;
			};
		};
		21C8F5312AEA4DBA00CB6861 /* XCRemoteSwiftPackageReference "SkeletonView" */ = {
			isa = XCRemoteSwiftPackageReference;
			repositoryURL = "https://github.com/Juanpe/SkeletonView.git";
			requirement = {
				kind = upToNextMajorVersion;
				minimumVersion = 1.0.0;
			};
		};
		21D983FB2AE2F6580056452D /* XCRemoteSwiftPackageReference "Kingfisher" */ = {
			isa = XCRemoteSwiftPackageReference;
			repositoryURL = "https://github.com/onevcat/Kingfisher.git";
			requirement = {
				kind = upToNextMajorVersion;
				minimumVersion = 7.0.0;
			};
		};
		21F2F7572AF880C20001ABF8 /* XCRemoteSwiftPackageReference "RxSwift" */ = {
			isa = XCRemoteSwiftPackageReference;
			repositoryURL = "https://github.com/ReactiveX/RxSwift";
			requirement = {
				kind = upToNextMajorVersion;
				minimumVersion = 6.6.0;
			};
		};
		21FCBAFD2AF7F26700B64A1C /* XCRemoteSwiftPackageReference "JDStatusBarNotification" */ = {
			isa = XCRemoteSwiftPackageReference;
			repositoryURL = "https://github.com/calimarkus/JDStatusBarNotification.git";
			requirement = {
				kind = upToNextMajorVersion;
				minimumVersion = 2.1.0;
			};
		};
/* End XCRemoteSwiftPackageReference section */

/* Begin XCSwiftPackageProductDependency section */
		212065B82AFFCDDE000A5245 /* FirebaseAnalyticsWithoutAdIdSupport */ = {
			isa = XCSwiftPackageProductDependency;
			package = 212065B72AFFCDDE000A5245 /* XCRemoteSwiftPackageReference "firebase-ios-sdk" */;
			productName = FirebaseAnalyticsWithoutAdIdSupport;
		};
		212065BA2AFFCDDE000A5245 /* FirebaseCrashlytics */ = {
			isa = XCSwiftPackageProductDependency;
			package = 212065B72AFFCDDE000A5245 /* XCRemoteSwiftPackageReference "firebase-ios-sdk" */;
			productName = FirebaseCrashlytics;
		};
		212065BC2AFFCDDE000A5245 /* FirebaseMessaging */ = {
			isa = XCSwiftPackageProductDependency;
			package = 212065B72AFFCDDE000A5245 /* XCRemoteSwiftPackageReference "firebase-ios-sdk" */;
			productName = FirebaseMessaging;
		};
		212B0E8C2AD9B87B0006FD1A /* Tabman */ = {
			isa = XCSwiftPackageProductDependency;
			package = 212B0E8B2AD9B87B0006FD1A /* XCRemoteSwiftPackageReference "Tabman" */;
			productName = Tabman;
		};
		21A1DA542AD0707F002A89CB /* SnapKit */ = {
			isa = XCSwiftPackageProductDependency;
			package = 21A1DA532AD0707F002A89CB /* XCRemoteSwiftPackageReference "SnapKit" */;
			productName = SnapKit;
		};
		21A1DA572AD07089002A89CB /* Alamofire */ = {
			isa = XCSwiftPackageProductDependency;
			package = 21A1DA562AD07089002A89CB /* XCRemoteSwiftPackageReference "Alamofire" */;
			productName = Alamofire;
		};
		21A1DA5A2AD070AC002A89CB /* Realm */ = {
			isa = XCSwiftPackageProductDependency;
			package = 21A1DA592AD070AC002A89CB /* XCRemoteSwiftPackageReference "realm-swift" */;
			productName = Realm;
		};
		21A1DA5C2AD070AC002A89CB /* RealmSwift */ = {
			isa = XCSwiftPackageProductDependency;
			package = 21A1DA592AD070AC002A89CB /* XCRemoteSwiftPackageReference "realm-swift" */;
			productName = RealmSwift;
		};
		21C8F5322AEA4DBA00CB6861 /* SkeletonView */ = {
			isa = XCSwiftPackageProductDependency;
			package = 21C8F5312AEA4DBA00CB6861 /* XCRemoteSwiftPackageReference "SkeletonView" */;
			productName = SkeletonView;
		};
		21D983FC2AE2F6580056452D /* Kingfisher */ = {
			isa = XCSwiftPackageProductDependency;
			package = 21D983FB2AE2F6580056452D /* XCRemoteSwiftPackageReference "Kingfisher" */;
			productName = Kingfisher;
		};
		21F2F7552AF87D7C0001ABF8 /* JDStatusBarNotification */ = {
			isa = XCSwiftPackageProductDependency;
			package = 21FCBAFD2AF7F26700B64A1C /* XCRemoteSwiftPackageReference "JDStatusBarNotification" */;
			productName = JDStatusBarNotification;
		};
		21F2F7582AF880C20001ABF8 /* RxCocoa */ = {
			isa = XCSwiftPackageProductDependency;
			package = 21F2F7572AF880C20001ABF8 /* XCRemoteSwiftPackageReference "RxSwift" */;
			productName = RxCocoa;
		};
		21F2F75A2AF880C20001ABF8 /* RxSwift */ = {
			isa = XCSwiftPackageProductDependency;
			package = 21F2F7572AF880C20001ABF8 /* XCRemoteSwiftPackageReference "RxSwift" */;
			productName = RxSwift;
		};
/* End XCSwiftPackageProductDependency section */
	};
	rootObject = 210821142AC85E5D00A999AC /* Project object */;
}
