// !$*UTF8*$!
{
	archiveVersion = 1;
	classes = {
	};
	objectVersion = 56;
	objects = {

/* Begin PBXBuildFile section */
		210821202AC85E5D00A999AC /* AppDelegate.swift in Sources */ = {isa = PBXBuildFile; fileRef = 2108211F2AC85E5D00A999AC /* AppDelegate.swift */; };
		210821222AC85E5D00A999AC /* SceneDelegate.swift in Sources */ = {isa = PBXBuildFile; fileRef = 210821212AC85E5D00A999AC /* SceneDelegate.swift */; };
		210821242AC85E5D00A999AC /* NewsSearchViewController.swift in Sources */ = {isa = PBXBuildFile; fileRef = 210821232AC85E5D00A999AC /* NewsSearchViewController.swift */; };
		210821292AC85E5E00A999AC /* Assets.xcassets in Resources */ = {isa = PBXBuildFile; fileRef = 210821282AC85E5E00A999AC /* Assets.xcassets */; };
		2108212C2AC85E5E00A999AC /* LaunchScreen.storyboard in Resources */ = {isa = PBXBuildFile; fileRef = 2108212A2AC85E5E00A999AC /* LaunchScreen.storyboard */; };
		210821342AC85E9300A999AC /* .gitignore in Resources */ = {isa = PBXBuildFile; fileRef = 210821332AC85E9300A999AC /* .gitignore */; };
		210821362AC85EA500A999AC /* APIKey.swift in Sources */ = {isa = PBXBuildFile; fileRef = 210821352AC85EA500A999AC /* APIKey.swift */; };
		210821382AC85FFF00A999AC /* NewsSearchViewModel.swift in Sources */ = {isa = PBXBuildFile; fileRef = 210821372AC85FFF00A999AC /* NewsSearchViewModel.swift */; };
		2108213E2AC862EF00A999AC /* TabBarController.swift in Sources */ = {isa = PBXBuildFile; fileRef = 2108213D2AC862EF00A999AC /* TabBarController.swift */; };
		210821402AC8633A00A999AC /* JournalViewController.swift in Sources */ = {isa = PBXBuildFile; fileRef = 2108213F2AC8633A00A999AC /* JournalViewController.swift */; };
		210821432AC8636500A999AC /* JournalViewModel.swift in Sources */ = {isa = PBXBuildFile; fileRef = 210821422AC8636500A999AC /* JournalViewModel.swift */; };
		2108214C2AC864AF00A999AC /* Frame.swift in Sources */ = {isa = PBXBuildFile; fileRef = 2108214B2AC864AF00A999AC /* Frame.swift */; };
		2108214E2AC864C900A999AC /* Color.swift in Sources */ = {isa = PBXBuildFile; fileRef = 2108214D2AC864C900A999AC /* Color.swift */; };
		210821512AC8652300A999AC /* APIStruct.swift in Sources */ = {isa = PBXBuildFile; fileRef = 210821502AC8652300A999AC /* APIStruct.swift */; };
		210821532AC8653300A999AC /* RealmStruct.swift in Sources */ = {isa = PBXBuildFile; fileRef = 210821522AC8653300A999AC /* RealmStruct.swift */; };
		210821562AC8654B00A999AC /* Alamofire in Frameworks */ = {isa = PBXBuildFile; productRef = 210821552AC8654B00A999AC /* Alamofire */; };
		210821592AC8655F00A999AC /* SnapKit in Frameworks */ = {isa = PBXBuildFile; productRef = 210821582AC8655F00A999AC /* SnapKit */; };
		2108215C2AC8656F00A999AC /* Realm in Frameworks */ = {isa = PBXBuildFile; productRef = 2108215B2AC8656F00A999AC /* Realm */; };
		2108215E2AC8656F00A999AC /* RealmSwift in Frameworks */ = {isa = PBXBuildFile; productRef = 2108215D2AC8656F00A999AC /* RealmSwift */; };
		210821602AC869B400A999AC /* Network.swift in Sources */ = {isa = PBXBuildFile; fileRef = 2108215F2AC869B400A999AC /* Network.swift */; };
		210821622AC869B900A999AC /* Router.swift in Sources */ = {isa = PBXBuildFile; fileRef = 210821612AC869B900A999AC /* Router.swift */; };
		210821642AC869F300A999AC /* Repository.swift in Sources */ = {isa = PBXBuildFile; fileRef = 210821632AC869F300A999AC /* Repository.swift */; };
		210821672AC86AA600A999AC /* BaseViewController.swift in Sources */ = {isa = PBXBuildFile; fileRef = 210821662AC86AA600A999AC /* BaseViewController.swift */; };
		210821692AC86ACD00A999AC /* WebViewController.swift in Sources */ = {isa = PBXBuildFile; fileRef = 210821682AC86ACD00A999AC /* WebViewController.swift */; };
		2108216B2AC86AD700A999AC /* WebViewModel.swift in Sources */ = {isa = PBXBuildFile; fileRef = 2108216A2AC86AD700A999AC /* WebViewModel.swift */; };
		2108216E2AC86AF200A999AC /* MemoViewController.swift in Sources */ = {isa = PBXBuildFile; fileRef = 2108216D2AC86AF200A999AC /* MemoViewController.swift */; };
		210821712AC86BA100A999AC /* MemoViewModel.swift in Sources */ = {isa = PBXBuildFile; fileRef = 210821702AC86BA100A999AC /* MemoViewModel.swift */; };
		210821742AC86D5700A999AC /* UserDefaultsManager.swift in Sources */ = {isa = PBXBuildFile; fileRef = 210821732AC86D5700A999AC /* UserDefaultsManager.swift */; };
		210821772AC86D7E00A999AC /* Extension+NotificationName.swift in Sources */ = {isa = PBXBuildFile; fileRef = 210821762AC86D7E00A999AC /* Extension+NotificationName.swift */; };
		210821792AC8725700A999AC /* Observable.swift in Sources */ = {isa = PBXBuildFile; fileRef = 210821782AC8725700A999AC /* Observable.swift */; };
		213AAC7B2AC952BE001BF9AC /* Enum+ViewControllerType.swift in Sources */ = {isa = PBXBuildFile; fileRef = 213AAC7A2AC952BE001BF9AC /* Enum+ViewControllerType.swift */; };
		213AAC7D2AC95F6D001BF9AC /* CustomTagButton.swift in Sources */ = {isa = PBXBuildFile; fileRef = 213AAC7C2AC95F6D001BF9AC /* CustomTagButton.swift */; };
		213AAC7F2AC95FEA001BF9AC /* Enum+TagType.swift in Sources */ = {isa = PBXBuildFile; fileRef = 213AAC7E2AC95FEA001BF9AC /* Enum+TagType.swift */; };
		213AAC822AC960C7001BF9AC /* Font.swift in Sources */ = {isa = PBXBuildFile; fileRef = 213AAC812AC960C7001BF9AC /* Font.swift */; };
		213AAC842AC962E5001BF9AC /* CustomSearchBar.swift in Sources */ = {isa = PBXBuildFile; fileRef = 213AAC832AC962E5001BF9AC /* CustomSearchBar.swift */; };
		213AAC8A2AC9A11A001BF9AC /* CustomBarButtonItem.swift in Sources */ = {isa = PBXBuildFile; fileRef = 213AAC892AC9A11A001BF9AC /* CustomBarButtonItem.swift */; };
		213AAC8C2AC9A485001BF9AC /* Enum+BarButtonType.swift in Sources */ = {isa = PBXBuildFile; fileRef = 213AAC8B2AC9A485001BF9AC /* Enum+BarButtonType.swift */; };
		213AAC8F2AC9AABC001BF9AC /* PDFDocumentCreator.swift in Sources */ = {isa = PBXBuildFile; fileRef = 213AAC8E2AC9AABC001BF9AC /* PDFDocumentCreator.swift */; };
		213AAC912AC9AB03001BF9AC /* PDFViewModel.swift in Sources */ = {isa = PBXBuildFile; fileRef = 213AAC902AC9AB03001BF9AC /* PDFViewModel.swift */; };
		213AAC932AC9AB9B001BF9AC /* PDFViewController.swift in Sources */ = {isa = PBXBuildFile; fileRef = 213AAC922AC9AB9B001BF9AC /* PDFViewController.swift */; };
		213AAC952AC9B13D001BF9AC /* Enum+LPError.swift in Sources */ = {isa = PBXBuildFile; fileRef = 213AAC942AC9B13D001BF9AC /* Enum+LPError.swift */; };
		213AAC972AC9BC3C001BF9AC /* Enum+SortType.swift in Sources */ = {isa = PBXBuildFile; fileRef = 213AAC962AC9BC3C001BF9AC /* Enum+SortType.swift */; };
		2180E5582ACAFD4B00CAC283 /* JDStatusBarNotification in Frameworks */ = {isa = PBXBuildFile; productRef = 2180E5572ACAFD4B00CAC283 /* JDStatusBarNotification */; };
		21E830C02ACA92980009025D /* Enum+NetworkError.swift in Sources */ = {isa = PBXBuildFile; fileRef = 21E830BF2ACA92980009025D /* Enum+NetworkError.swift */; };
		21E830C22ACA9A120009025D /* APISetup.swift in Sources */ = {isa = PBXBuildFile; fileRef = 21E830C12ACA9A120009025D /* APISetup.swift */; };
		21E830C42ACAA7FB0009025D /* NewsLinkPresentationCell.swift in Sources */ = {isa = PBXBuildFile; fileRef = 21E830C32ACAA7FB0009025D /* NewsLinkPresentationCell.swift */; };
		21E830C62ACAC4F50009025D /* Enum+NewsSearchTitle.swift in Sources */ = {isa = PBXBuildFile; fileRef = 21E830C52ACAC4F40009025D /* Enum+NewsSearchTitle.swift */; };
		21E830C92ACAC5440009025D /* JournalCell.swift in Sources */ = {isa = PBXBuildFile; fileRef = 21E830C82ACAC5440009025D /* JournalCell.swift */; };
		21E830CB2ACAC56D0009025D /* BaseCollectionViewCell.swift in Sources */ = {isa = PBXBuildFile; fileRef = 21E830CA2ACAC56D0009025D /* BaseCollectionViewCell.swift */; };
		21E830CD2ACAC62D0009025D /* NewsLinkPresentationViewModel.swift in Sources */ = {isa = PBXBuildFile; fileRef = 21E830CC2ACAC62D0009025D /* NewsLinkPresentationViewModel.swift */; };
/* End PBXBuildFile section */

/* Begin PBXFileReference section */
		2108211C2AC85E5D00A999AC /* NewsJournal.app */ = {isa = PBXFileReference; explicitFileType = wrapper.application; includeInIndex = 0; path = NewsJournal.app; sourceTree = BUILT_PRODUCTS_DIR; };
		2108211F2AC85E5D00A999AC /* AppDelegate.swift */ = {isa = PBXFileReference; lastKnownFileType = sourcecode.swift; path = AppDelegate.swift; sourceTree = "<group>"; };
		210821212AC85E5D00A999AC /* SceneDelegate.swift */ = {isa = PBXFileReference; lastKnownFileType = sourcecode.swift; path = SceneDelegate.swift; sourceTree = "<group>"; };
		210821232AC85E5D00A999AC /* NewsSearchViewController.swift */ = {isa = PBXFileReference; lastKnownFileType = sourcecode.swift; path = NewsSearchViewController.swift; sourceTree = "<group>"; };
		210821282AC85E5E00A999AC /* Assets.xcassets */ = {isa = PBXFileReference; lastKnownFileType = folder.assetcatalog; path = Assets.xcassets; sourceTree = "<group>"; };
		2108212B2AC85E5E00A999AC /* Base */ = {isa = PBXFileReference; lastKnownFileType = file.storyboard; name = Base; path = Base.lproj/LaunchScreen.storyboard; sourceTree = "<group>"; };
		2108212D2AC85E5E00A999AC /* Info.plist */ = {isa = PBXFileReference; lastKnownFileType = text.plist.xml; path = Info.plist; sourceTree = "<group>"; };
		210821332AC85E9300A999AC /* .gitignore */ = {isa = PBXFileReference; lastKnownFileType = text; path = .gitignore; sourceTree = "<group>"; };
		210821352AC85EA500A999AC /* APIKey.swift */ = {isa = PBXFileReference; lastKnownFileType = sourcecode.swift; path = APIKey.swift; sourceTree = "<group>"; };
		210821372AC85FFF00A999AC /* NewsSearchViewModel.swift */ = {isa = PBXFileReference; lastKnownFileType = sourcecode.swift; path = NewsSearchViewModel.swift; sourceTree = "<group>"; };
		2108213D2AC862EF00A999AC /* TabBarController.swift */ = {isa = PBXFileReference; lastKnownFileType = sourcecode.swift; path = TabBarController.swift; sourceTree = "<group>"; };
		2108213F2AC8633A00A999AC /* JournalViewController.swift */ = {isa = PBXFileReference; lastKnownFileType = sourcecode.swift; path = JournalViewController.swift; sourceTree = "<group>"; };
		210821422AC8636500A999AC /* JournalViewModel.swift */ = {isa = PBXFileReference; lastKnownFileType = sourcecode.swift; path = JournalViewModel.swift; sourceTree = "<group>"; };
		2108214B2AC864AF00A999AC /* Frame.swift */ = {isa = PBXFileReference; lastKnownFileType = sourcecode.swift; path = Frame.swift; sourceTree = "<group>"; };
		2108214D2AC864C900A999AC /* Color.swift */ = {isa = PBXFileReference; lastKnownFileType = sourcecode.swift; path = Color.swift; sourceTree = "<group>"; };
		210821502AC8652300A999AC /* APIStruct.swift */ = {isa = PBXFileReference; lastKnownFileType = sourcecode.swift; path = APIStruct.swift; sourceTree = "<group>"; };
		210821522AC8653300A999AC /* RealmStruct.swift */ = {isa = PBXFileReference; lastKnownFileType = sourcecode.swift; path = RealmStruct.swift; sourceTree = "<group>"; };
		2108215F2AC869B400A999AC /* Network.swift */ = {isa = PBXFileReference; lastKnownFileType = sourcecode.swift; path = Network.swift; sourceTree = "<group>"; };
		210821612AC869B900A999AC /* Router.swift */ = {isa = PBXFileReference; lastKnownFileType = sourcecode.swift; path = Router.swift; sourceTree = "<group>"; };
		210821632AC869F300A999AC /* Repository.swift */ = {isa = PBXFileReference; lastKnownFileType = sourcecode.swift; path = Repository.swift; sourceTree = "<group>"; };
		210821662AC86AA600A999AC /* BaseViewController.swift */ = {isa = PBXFileReference; lastKnownFileType = sourcecode.swift; path = BaseViewController.swift; sourceTree = "<group>"; };
		210821682AC86ACD00A999AC /* WebViewController.swift */ = {isa = PBXFileReference; lastKnownFileType = sourcecode.swift; path = WebViewController.swift; sourceTree = "<group>"; };
		2108216A2AC86AD700A999AC /* WebViewModel.swift */ = {isa = PBXFileReference; lastKnownFileType = sourcecode.swift; path = WebViewModel.swift; sourceTree = "<group>"; };
		2108216D2AC86AF200A999AC /* MemoViewController.swift */ = {isa = PBXFileReference; lastKnownFileType = sourcecode.swift; path = MemoViewController.swift; sourceTree = "<group>"; };
		210821702AC86BA100A999AC /* MemoViewModel.swift */ = {isa = PBXFileReference; lastKnownFileType = sourcecode.swift; path = MemoViewModel.swift; sourceTree = "<group>"; };
		210821732AC86D5700A999AC /* UserDefaultsManager.swift */ = {isa = PBXFileReference; lastKnownFileType = sourcecode.swift; path = UserDefaultsManager.swift; sourceTree = "<group>"; };
		210821762AC86D7E00A999AC /* Extension+NotificationName.swift */ = {isa = PBXFileReference; lastKnownFileType = sourcecode.swift; path = "Extension+NotificationName.swift"; sourceTree = "<group>"; };
		210821782AC8725700A999AC /* Observable.swift */ = {isa = PBXFileReference; lastKnownFileType = sourcecode.swift; path = Observable.swift; sourceTree = "<group>"; };
		213AAC7A2AC952BE001BF9AC /* Enum+ViewControllerType.swift */ = {isa = PBXFileReference; lastKnownFileType = sourcecode.swift; path = "Enum+ViewControllerType.swift"; sourceTree = "<group>"; };
		213AAC7C2AC95F6D001BF9AC /* CustomTagButton.swift */ = {isa = PBXFileReference; lastKnownFileType = sourcecode.swift; path = CustomTagButton.swift; sourceTree = "<group>"; };
		213AAC7E2AC95FEA001BF9AC /* Enum+TagType.swift */ = {isa = PBXFileReference; lastKnownFileType = sourcecode.swift; path = "Enum+TagType.swift"; sourceTree = "<group>"; };
		213AAC812AC960C7001BF9AC /* Font.swift */ = {isa = PBXFileReference; lastKnownFileType = sourcecode.swift; path = Font.swift; sourceTree = "<group>"; };
		213AAC832AC962E5001BF9AC /* CustomSearchBar.swift */ = {isa = PBXFileReference; lastKnownFileType = sourcecode.swift; path = CustomSearchBar.swift; sourceTree = "<group>"; };
		213AAC892AC9A11A001BF9AC /* CustomBarButtonItem.swift */ = {isa = PBXFileReference; lastKnownFileType = sourcecode.swift; path = CustomBarButtonItem.swift; sourceTree = "<group>"; };
		213AAC8B2AC9A485001BF9AC /* Enum+BarButtonType.swift */ = {isa = PBXFileReference; lastKnownFileType = sourcecode.swift; path = "Enum+BarButtonType.swift"; sourceTree = "<group>"; };
		213AAC8E2AC9AABC001BF9AC /* PDFDocumentCreator.swift */ = {isa = PBXFileReference; lastKnownFileType = sourcecode.swift; path = PDFDocumentCreator.swift; sourceTree = "<group>"; };
		213AAC902AC9AB03001BF9AC /* PDFViewModel.swift */ = {isa = PBXFileReference; lastKnownFileType = sourcecode.swift; path = PDFViewModel.swift; sourceTree = "<group>"; };
		213AAC922AC9AB9B001BF9AC /* PDFViewController.swift */ = {isa = PBXFileReference; lastKnownFileType = sourcecode.swift; path = PDFViewController.swift; sourceTree = "<group>"; };
		213AAC942AC9B13D001BF9AC /* Enum+LPError.swift */ = {isa = PBXFileReference; lastKnownFileType = sourcecode.swift; path = "Enum+LPError.swift"; sourceTree = "<group>"; };
		213AAC962AC9BC3C001BF9AC /* Enum+SortType.swift */ = {isa = PBXFileReference; lastKnownFileType = sourcecode.swift; path = "Enum+SortType.swift"; sourceTree = "<group>"; };
		21E830BF2ACA92980009025D /* Enum+NetworkError.swift */ = {isa = PBXFileReference; lastKnownFileType = sourcecode.swift; path = "Enum+NetworkError.swift"; sourceTree = "<group>"; };
		21E830C12ACA9A120009025D /* APISetup.swift */ = {isa = PBXFileReference; lastKnownFileType = sourcecode.swift; path = APISetup.swift; sourceTree = "<group>"; };
		21E830C32ACAA7FB0009025D /* NewsLinkPresentationCell.swift */ = {isa = PBXFileReference; lastKnownFileType = sourcecode.swift; path = NewsLinkPresentationCell.swift; sourceTree = "<group>"; };
		21E830C52ACAC4F40009025D /* Enum+NewsSearchTitle.swift */ = {isa = PBXFileReference; lastKnownFileType = sourcecode.swift; path = "Enum+NewsSearchTitle.swift"; sourceTree = "<group>"; };
		21E830C82ACAC5440009025D /* JournalCell.swift */ = {isa = PBXFileReference; lastKnownFileType = sourcecode.swift; path = JournalCell.swift; sourceTree = "<group>"; };
		21E830CA2ACAC56D0009025D /* BaseCollectionViewCell.swift */ = {isa = PBXFileReference; lastKnownFileType = sourcecode.swift; path = BaseCollectionViewCell.swift; sourceTree = "<group>"; };
		21E830CC2ACAC62D0009025D /* NewsLinkPresentationViewModel.swift */ = {isa = PBXFileReference; lastKnownFileType = sourcecode.swift; path = NewsLinkPresentationViewModel.swift; sourceTree = "<group>"; };
/* End PBXFileReference section */

/* Begin PBXFrameworksBuildPhase section */
		210821192AC85E5D00A999AC /* Frameworks */ = {
			isa = PBXFrameworksBuildPhase;
			buildActionMask = 2147483647;
			files = (
				2180E5582ACAFD4B00CAC283 /* JDStatusBarNotification in Frameworks */,
				2108215E2AC8656F00A999AC /* RealmSwift in Frameworks */,
				2108215C2AC8656F00A999AC /* Realm in Frameworks */,
				210821562AC8654B00A999AC /* Alamofire in Frameworks */,
				210821592AC8655F00A999AC /* SnapKit in Frameworks */,
			);
			runOnlyForDeploymentPostprocessing = 0;
		};
/* End PBXFrameworksBuildPhase section */

/* Begin PBXGroup section */
		210821132AC85E5D00A999AC = {
			isa = PBXGroup;
			children = (
				2108211E2AC85E5D00A999AC /* NewsJournal */,
				2108211D2AC85E5D00A999AC /* Products */,
			);
			sourceTree = "<group>";
		};
		2108211D2AC85E5D00A999AC /* Products */ = {
			isa = PBXGroup;
			children = (
				2108211C2AC85E5D00A999AC /* NewsJournal.app */,
			);
			name = Products;
			sourceTree = "<group>";
		};
		2108211E2AC85E5D00A999AC /* NewsJournal */ = {
			isa = PBXGroup;
			children = (
				2108211F2AC85E5D00A999AC /* AppDelegate.swift */,
				210821212AC85E5D00A999AC /* SceneDelegate.swift */,
				210821352AC85EA500A999AC /* APIKey.swift */,
				2108213A2AC8602600A999AC /* Setup */,
				210821452AC8639900A999AC /* Manager */,
				2108214F2AC8650200A999AC /* Model */,
				210821652AC86A8D00A999AC /* View */,
				2108213C2AC862E300A999AC /* Scenes */,
				210821282AC85E5E00A999AC /* Assets.xcassets */,
				2108212A2AC85E5E00A999AC /* LaunchScreen.storyboard */,
				2108212D2AC85E5E00A999AC /* Info.plist */,
				210821332AC85E9300A999AC /* .gitignore */,
			);
			path = NewsJournal;
			sourceTree = "<group>";
		};
		210821392AC8601600A999AC /* NewsSearch */ = {
			isa = PBXGroup;
			children = (
				21E830C72ACAC5130009025D /* Enum+NewsSearch */,
				21E830CE2ACAC6390009025D /* NewsLinkPresentationCell+ViewModel */,
				21E830CF2ACAC64E0009025D /* NewsSearchViewController+ViewModel */,
			);
			path = NewsSearch;
			sourceTree = "<group>";
		};
		2108213A2AC8602600A999AC /* Setup */ = {
			isa = PBXGroup;
			children = (
				210821442AC8638700A999AC /* Utility */,
				210821752AC86D6A00A999AC /* NotificationCenter */,
			);
			path = Setup;
			sourceTree = "<group>";
		};
		2108213B2AC862CA00A999AC /* Journal */ = {
			isa = PBXGroup;
			children = (
				21E830C82ACAC5440009025D /* JournalCell.swift */,
				210821422AC8636500A999AC /* JournalViewModel.swift */,
				2108213F2AC8633A00A999AC /* JournalViewController.swift */,
			);
			path = Journal;
			sourceTree = "<group>";
		};
		2108213C2AC862E300A999AC /* Scenes */ = {
			isa = PBXGroup;
			children = (
				210821412AC8635500A999AC /* Tabbar */,
				210821392AC8601600A999AC /* NewsSearch */,
				2108213B2AC862CA00A999AC /* Journal */,
				213AAC8D2AC9AAA0001BF9AC /* PDF */,
				2108216C2AC86ADB00A999AC /* Web */,
				2108216F2AC86AF900A999AC /* Memo */,
			);
			path = Scenes;
			sourceTree = "<group>";
		};
		210821412AC8635500A999AC /* Tabbar */ = {
			isa = PBXGroup;
			children = (
				213AAC7A2AC952BE001BF9AC /* Enum+ViewControllerType.swift */,
				2108213D2AC862EF00A999AC /* TabBarController.swift */,
			);
			path = Tabbar;
			sourceTree = "<group>";
		};
		210821442AC8638700A999AC /* Utility */ = {
			isa = PBXGroup;
			children = (
				2108214B2AC864AF00A999AC /* Frame.swift */,
				2108214D2AC864C900A999AC /* Color.swift */,
				213AAC812AC960C7001BF9AC /* Font.swift */,
				21E830C12ACA9A120009025D /* APISetup.swift */,
			);
			path = Utility;
			sourceTree = "<group>";
		};
		210821452AC8639900A999AC /* Manager */ = {
			isa = PBXGroup;
			children = (
				210821722AC86D4200A999AC /* UserDefaults */,
				210821472AC8641500A999AC /* Realm */,
				210821462AC863A300A999AC /* Router */,
			);
			path = Manager;
			sourceTree = "<group>";
		};
		210821462AC863A300A999AC /* Router */ = {
			isa = PBXGroup;
			children = (
				210821612AC869B900A999AC /* Router.swift */,
				21E830BF2ACA92980009025D /* Enum+NetworkError.swift */,
				2108215F2AC869B400A999AC /* Network.swift */,
			);
			path = Router;
			sourceTree = "<group>";
		};
		210821472AC8641500A999AC /* Realm */ = {
			isa = PBXGroup;
			children = (
				210821632AC869F300A999AC /* Repository.swift */,
			);
			path = Realm;
			sourceTree = "<group>";
		};
		210821492AC8646F00A999AC /* Base */ = {
			isa = PBXGroup;
			children = (
				210821662AC86AA600A999AC /* BaseViewController.swift */,
				21E830CA2ACAC56D0009025D /* BaseCollectionViewCell.swift */,
			);
			path = Base;
			sourceTree = "<group>";
		};
		2108214A2AC8647600A999AC /* Custom */ = {
			isa = PBXGroup;
			children = (
				213AAC882AC9A109001BF9AC /* BarButton */,
				213AAC802AC95FF8001BF9AC /* TagButton */,
				213AAC852AC962E9001BF9AC /* SearchBar */,
			);
			path = Custom;
			sourceTree = "<group>";
		};
		2108214F2AC8650200A999AC /* Model */ = {
			isa = PBXGroup;
			children = (
				210821502AC8652300A999AC /* APIStruct.swift */,
				210821522AC8653300A999AC /* RealmStruct.swift */,
				210821782AC8725700A999AC /* Observable.swift */,
			);
			path = Model;
			sourceTree = "<group>";
		};
		210821652AC86A8D00A999AC /* View */ = {
			isa = PBXGroup;
			children = (
				210821492AC8646F00A999AC /* Base */,
				2108214A2AC8647600A999AC /* Custom */,
			);
			path = View;
			sourceTree = "<group>";
		};
		2108216C2AC86ADB00A999AC /* Web */ = {
			isa = PBXGroup;
			children = (
				2108216A2AC86AD700A999AC /* WebViewModel.swift */,
				210821682AC86ACD00A999AC /* WebViewController.swift */,
			);
			path = Web;
			sourceTree = "<group>";
		};
		2108216F2AC86AF900A999AC /* Memo */ = {
			isa = PBXGroup;
			children = (
				210821702AC86BA100A999AC /* MemoViewModel.swift */,
				2108216D2AC86AF200A999AC /* MemoViewController.swift */,
			);
			path = Memo;
			sourceTree = "<group>";
		};
		210821722AC86D4200A999AC /* UserDefaults */ = {
			isa = PBXGroup;
			children = (
				210821732AC86D5700A999AC /* UserDefaultsManager.swift */,
			);
			path = UserDefaults;
			sourceTree = "<group>";
		};
		210821752AC86D6A00A999AC /* NotificationCenter */ = {
			isa = PBXGroup;
			children = (
				210821762AC86D7E00A999AC /* Extension+NotificationName.swift */,
			);
			path = NotificationCenter;
			sourceTree = "<group>";
		};
		213AAC802AC95FF8001BF9AC /* TagButton */ = {
			isa = PBXGroup;
			children = (
				213AAC7E2AC95FEA001BF9AC /* Enum+TagType.swift */,
				213AAC7C2AC95F6D001BF9AC /* CustomTagButton.swift */,
			);
			path = TagButton;
			sourceTree = "<group>";
		};
		213AAC852AC962E9001BF9AC /* SearchBar */ = {
			isa = PBXGroup;
			children = (
				213AAC832AC962E5001BF9AC /* CustomSearchBar.swift */,
			);
			path = SearchBar;
			sourceTree = "<group>";
		};
		213AAC882AC9A109001BF9AC /* BarButton */ = {
			isa = PBXGroup;
			children = (
				213AAC8B2AC9A485001BF9AC /* Enum+BarButtonType.swift */,
				213AAC892AC9A11A001BF9AC /* CustomBarButtonItem.swift */,
			);
			path = BarButton;
			sourceTree = "<group>";
		};
		213AAC8D2AC9AAA0001BF9AC /* PDF */ = {
			isa = PBXGroup;
			children = (
				213AAC8E2AC9AABC001BF9AC /* PDFDocumentCreator.swift */,
				213AAC902AC9AB03001BF9AC /* PDFViewModel.swift */,
				213AAC922AC9AB9B001BF9AC /* PDFViewController.swift */,
			);
			path = PDF;
			sourceTree = "<group>";
		};
		21E830C72ACAC5130009025D /* Enum+NewsSearch */ = {
			isa = PBXGroup;
			children = (
				213AAC942AC9B13D001BF9AC /* Enum+LPError.swift */,
				213AAC962AC9BC3C001BF9AC /* Enum+SortType.swift */,
				21E830C52ACAC4F40009025D /* Enum+NewsSearchTitle.swift */,
			);
			path = "Enum+NewsSearch";
			sourceTree = "<group>";
		};
		21E830CE2ACAC6390009025D /* NewsLinkPresentationCell+ViewModel */ = {
			isa = PBXGroup;
			children = (
				21E830CC2ACAC62D0009025D /* NewsLinkPresentationViewModel.swift */,
				21E830C32ACAA7FB0009025D /* NewsLinkPresentationCell.swift */,
			);
			path = "NewsLinkPresentationCell+ViewModel";
			sourceTree = "<group>";
		};
		21E830CF2ACAC64E0009025D /* NewsSearchViewController+ViewModel */ = {
			isa = PBXGroup;
			children = (
				210821372AC85FFF00A999AC /* NewsSearchViewModel.swift */,
				210821232AC85E5D00A999AC /* NewsSearchViewController.swift */,
			);
			path = "NewsSearchViewController+ViewModel";
			sourceTree = "<group>";
		};
/* End PBXGroup section */

/* Begin PBXNativeTarget section */
		2108211B2AC85E5D00A999AC /* NewsJournal */ = {
			isa = PBXNativeTarget;
			buildConfigurationList = 210821302AC85E5E00A999AC /* Build configuration list for PBXNativeTarget "NewsJournal" */;
			buildPhases = (
				210821182AC85E5D00A999AC /* Sources */,
				210821192AC85E5D00A999AC /* Frameworks */,
				2108211A2AC85E5D00A999AC /* Resources */,
			);
			buildRules = (
			);
			dependencies = (
			);
			name = NewsJournal;
			packageProductDependencies = (
				210821552AC8654B00A999AC /* Alamofire */,
				210821582AC8655F00A999AC /* SnapKit */,
				2108215B2AC8656F00A999AC /* Realm */,
				2108215D2AC8656F00A999AC /* RealmSwift */,
				2180E5572ACAFD4B00CAC283 /* JDStatusBarNotification */,
			);
			productName = NewsJournal;
			productReference = 2108211C2AC85E5D00A999AC /* NewsJournal.app */;
			productType = "com.apple.product-type.application";
		};
/* End PBXNativeTarget section */

/* Begin PBXProject section */
		210821142AC85E5D00A999AC /* Project object */ = {
			isa = PBXProject;
			attributes = {
				BuildIndependentTargetsInParallel = 1;
				LastSwiftUpdateCheck = 1430;
				LastUpgradeCheck = 1430;
				TargetAttributes = {
					2108211B2AC85E5D00A999AC = {
						CreatedOnToolsVersion = 14.3.1;
					};
				};
			};
			buildConfigurationList = 210821172AC85E5D00A999AC /* Build configuration list for PBXProject "NewsJournal" */;
			compatibilityVersion = "Xcode 14.0";
			developmentRegion = en;
			hasScannedForEncodings = 0;
			knownRegions = (
				en,
				Base,
			);
			mainGroup = 210821132AC85E5D00A999AC;
			packageReferences = (
				210821542AC8654B00A999AC /* XCRemoteSwiftPackageReference "Alamofire" */,
				210821572AC8655F00A999AC /* XCRemoteSwiftPackageReference "SnapKit" */,
				2108215A2AC8656F00A999AC /* XCRemoteSwiftPackageReference "realm-swift" */,
				2180E5562ACAFD4B00CAC283 /* XCRemoteSwiftPackageReference "JDStatusBarNotification" */,
			);
			productRefGroup = 2108211D2AC85E5D00A999AC /* Products */;
			projectDirPath = "";
			projectRoot = "";
			targets = (
				2108211B2AC85E5D00A999AC /* NewsJournal */,
			);
		};
/* End PBXProject section */

/* Begin PBXResourcesBuildPhase section */
		2108211A2AC85E5D00A999AC /* Resources */ = {
			isa = PBXResourcesBuildPhase;
			buildActionMask = 2147483647;
			files = (
				210821342AC85E9300A999AC /* .gitignore in Resources */,
				2108212C2AC85E5E00A999AC /* LaunchScreen.storyboard in Resources */,
				210821292AC85E5E00A999AC /* Assets.xcassets in Resources */,
			);
			runOnlyForDeploymentPostprocessing = 0;
		};
/* End PBXResourcesBuildPhase section */

/* Begin PBXSourcesBuildPhase section */
		210821182AC85E5D00A999AC /* Sources */ = {
			isa = PBXSourcesBuildPhase;
			buildActionMask = 2147483647;
			files = (
				210821602AC869B400A999AC /* Network.swift in Sources */,
				213AAC972AC9BC3C001BF9AC /* Enum+SortType.swift in Sources */,
				21E830C02ACA92980009025D /* Enum+NetworkError.swift in Sources */,
				2108216B2AC86AD700A999AC /* WebViewModel.swift in Sources */,
				2108214C2AC864AF00A999AC /* Frame.swift in Sources */,
				210821642AC869F300A999AC /* Repository.swift in Sources */,
				210821242AC85E5D00A999AC /* NewsSearchViewController.swift in Sources */,
				210821512AC8652300A999AC /* APIStruct.swift in Sources */,
				213AAC8C2AC9A485001BF9AC /* Enum+BarButtonType.swift in Sources */,
				210821772AC86D7E00A999AC /* Extension+NotificationName.swift in Sources */,
				21E830C62ACAC4F50009025D /* Enum+NewsSearchTitle.swift in Sources */,
				21E830C22ACA9A120009025D /* APISetup.swift in Sources */,
				213AAC7F2AC95FEA001BF9AC /* Enum+TagType.swift in Sources */,
				210821432AC8636500A999AC /* JournalViewModel.swift in Sources */,
				2108214E2AC864C900A999AC /* Color.swift in Sources */,
				213AAC7B2AC952BE001BF9AC /* Enum+ViewControllerType.swift in Sources */,
				21E830C92ACAC5440009025D /* JournalCell.swift in Sources */,
				213AAC932AC9AB9B001BF9AC /* PDFViewController.swift in Sources */,
				2108216E2AC86AF200A999AC /* MemoViewController.swift in Sources */,
				2108213E2AC862EF00A999AC /* TabBarController.swift in Sources */,
				213AAC8F2AC9AABC001BF9AC /* PDFDocumentCreator.swift in Sources */,
				210821532AC8653300A999AC /* RealmStruct.swift in Sources */,
				213AAC842AC962E5001BF9AC /* CustomSearchBar.swift in Sources */,
				213AAC7D2AC95F6D001BF9AC /* CustomTagButton.swift in Sources */,
				210821202AC85E5D00A999AC /* AppDelegate.swift in Sources */,
				213AAC912AC9AB03001BF9AC /* PDFViewModel.swift in Sources */,
				210821712AC86BA100A999AC /* MemoViewModel.swift in Sources */,
				210821382AC85FFF00A999AC /* NewsSearchViewModel.swift in Sources */,
				21E830CB2ACAC56D0009025D /* BaseCollectionViewCell.swift in Sources */,
				210821622AC869B900A999AC /* Router.swift in Sources */,
				21E830C42ACAA7FB0009025D /* NewsLinkPresentationCell.swift in Sources */,
				210821692AC86ACD00A999AC /* WebViewController.swift in Sources */,
				213AAC952AC9B13D001BF9AC /* Enum+LPError.swift in Sources */,
				210821362AC85EA500A999AC /* APIKey.swift in Sources */,
				210821742AC86D5700A999AC /* UserDefaultsManager.swift in Sources */,
				210821672AC86AA600A999AC /* BaseViewController.swift in Sources */,
				213AAC822AC960C7001BF9AC /* Font.swift in Sources */,
				210821222AC85E5D00A999AC /* SceneDelegate.swift in Sources */,
				210821402AC8633A00A999AC /* JournalViewController.swift in Sources */,
				210821792AC8725700A999AC /* Observable.swift in Sources */,
				213AAC8A2AC9A11A001BF9AC /* CustomBarButtonItem.swift in Sources */,
				21E830CD2ACAC62D0009025D /* NewsLinkPresentationViewModel.swift in Sources */,
			);
			runOnlyForDeploymentPostprocessing = 0;
		};
/* End PBXSourcesBuildPhase section */

/* Begin PBXVariantGroup section */
		2108212A2AC85E5E00A999AC /* LaunchScreen.storyboard */ = {
			isa = PBXVariantGroup;
			children = (
				2108212B2AC85E5E00A999AC /* Base */,
			);
			name = LaunchScreen.storyboard;
			sourceTree = "<group>";
		};
/* End PBXVariantGroup section */

/* Begin XCBuildConfiguration section */
		2108212E2AC85E5E00A999AC /* Debug */ = {
			isa = XCBuildConfiguration;
			buildSettings = {
				ALWAYS_SEARCH_USER_PATHS = NO;
				CLANG_ANALYZER_NONNULL = YES;
				CLANG_ANALYZER_NUMBER_OBJECT_CONVERSION = YES_AGGRESSIVE;
				CLANG_CXX_LANGUAGE_STANDARD = "gnu++20";
				CLANG_ENABLE_MODULES = YES;
				CLANG_ENABLE_OBJC_ARC = YES;
				CLANG_ENABLE_OBJC_WEAK = YES;
				CLANG_WARN_BLOCK_CAPTURE_AUTORELEASING = YES;
				CLANG_WARN_BOOL_CONVERSION = YES;
				CLANG_WARN_COMMA = YES;
				CLANG_WARN_CONSTANT_CONVERSION = YES;
				CLANG_WARN_DEPRECATED_OBJC_IMPLEMENTATIONS = YES;
				CLANG_WARN_DIRECT_OBJC_ISA_USAGE = YES_ERROR;
				CLANG_WARN_DOCUMENTATION_COMMENTS = YES;
				CLANG_WARN_EMPTY_BODY = YES;
				CLANG_WARN_ENUM_CONVERSION = YES;
				CLANG_WARN_INFINITE_RECURSION = YES;
				CLANG_WARN_INT_CONVERSION = YES;
				CLANG_WARN_NON_LITERAL_NULL_CONVERSION = YES;
				CLANG_WARN_OBJC_IMPLICIT_RETAIN_SELF = YES;
				CLANG_WARN_OBJC_LITERAL_CONVERSION = YES;
				CLANG_WARN_OBJC_ROOT_CLASS = YES_ERROR;
				CLANG_WARN_QUOTED_INCLUDE_IN_FRAMEWORK_HEADER = YES;
				CLANG_WARN_RANGE_LOOP_ANALYSIS = YES;
				CLANG_WARN_STRICT_PROTOTYPES = YES;
				CLANG_WARN_SUSPICIOUS_MOVE = YES;
				CLANG_WARN_UNGUARDED_AVAILABILITY = YES_AGGRESSIVE;
				CLANG_WARN_UNREACHABLE_CODE = YES;
				CLANG_WARN__DUPLICATE_METHOD_MATCH = YES;
				COPY_PHASE_STRIP = NO;
				DEBUG_INFORMATION_FORMAT = dwarf;
				ENABLE_STRICT_OBJC_MSGSEND = YES;
				ENABLE_TESTABILITY = YES;
				GCC_C_LANGUAGE_STANDARD = gnu11;
				GCC_DYNAMIC_NO_PIC = NO;
				GCC_NO_COMMON_BLOCKS = YES;
				GCC_OPTIMIZATION_LEVEL = 0;
				GCC_PREPROCESSOR_DEFINITIONS = (
					"DEBUG=1",
					"$(inherited)",
				);
				GCC_WARN_64_TO_32_BIT_CONVERSION = YES;
				GCC_WARN_ABOUT_RETURN_TYPE = YES_ERROR;
				GCC_WARN_UNDECLARED_SELECTOR = YES;
				GCC_WARN_UNINITIALIZED_AUTOS = YES_AGGRESSIVE;
				GCC_WARN_UNUSED_FUNCTION = YES;
				GCC_WARN_UNUSED_VARIABLE = YES;
				IPHONEOS_DEPLOYMENT_TARGET = 16.0;
				MTL_ENABLE_DEBUG_INFO = INCLUDE_SOURCE;
				MTL_FAST_MATH = YES;
				ONLY_ACTIVE_ARCH = YES;
				SDKROOT = iphoneos;
				SWIFT_ACTIVE_COMPILATION_CONDITIONS = DEBUG;
				SWIFT_OPTIMIZATION_LEVEL = "-Onone";
			};
			name = Debug;
		};
		2108212F2AC85E5E00A999AC /* Release */ = {
			isa = XCBuildConfiguration;
			buildSettings = {
				ALWAYS_SEARCH_USER_PATHS = NO;
				CLANG_ANALYZER_NONNULL = YES;
				CLANG_ANALYZER_NUMBER_OBJECT_CONVERSION = YES_AGGRESSIVE;
				CLANG_CXX_LANGUAGE_STANDARD = "gnu++20";
				CLANG_ENABLE_MODULES = YES;
				CLANG_ENABLE_OBJC_ARC = YES;
				CLANG_ENABLE_OBJC_WEAK = YES;
				CLANG_WARN_BLOCK_CAPTURE_AUTORELEASING = YES;
				CLANG_WARN_BOOL_CONVERSION = YES;
				CLANG_WARN_COMMA = YES;
				CLANG_WARN_CONSTANT_CONVERSION = YES;
				CLANG_WARN_DEPRECATED_OBJC_IMPLEMENTATIONS = YES;
				CLANG_WARN_DIRECT_OBJC_ISA_USAGE = YES_ERROR;
				CLANG_WARN_DOCUMENTATION_COMMENTS = YES;
				CLANG_WARN_EMPTY_BODY = YES;
				CLANG_WARN_ENUM_CONVERSION = YES;
				CLANG_WARN_INFINITE_RECURSION = YES;
				CLANG_WARN_INT_CONVERSION = YES;
				CLANG_WARN_NON_LITERAL_NULL_CONVERSION = YES;
				CLANG_WARN_OBJC_IMPLICIT_RETAIN_SELF = YES;
				CLANG_WARN_OBJC_LITERAL_CONVERSION = YES;
				CLANG_WARN_OBJC_ROOT_CLASS = YES_ERROR;
				CLANG_WARN_QUOTED_INCLUDE_IN_FRAMEWORK_HEADER = YES;
				CLANG_WARN_RANGE_LOOP_ANALYSIS = YES;
				CLANG_WARN_STRICT_PROTOTYPES = YES;
				CLANG_WARN_SUSPICIOUS_MOVE = YES;
				CLANG_WARN_UNGUARDED_AVAILABILITY = YES_AGGRESSIVE;
				CLANG_WARN_UNREACHABLE_CODE = YES;
				CLANG_WARN__DUPLICATE_METHOD_MATCH = YES;
				COPY_PHASE_STRIP = NO;
				DEBUG_INFORMATION_FORMAT = "dwarf-with-dsym";
				ENABLE_NS_ASSERTIONS = NO;
				ENABLE_STRICT_OBJC_MSGSEND = YES;
				GCC_C_LANGUAGE_STANDARD = gnu11;
				GCC_NO_COMMON_BLOCKS = YES;
				GCC_WARN_64_TO_32_BIT_CONVERSION = YES;
				GCC_WARN_ABOUT_RETURN_TYPE = YES_ERROR;
				GCC_WARN_UNDECLARED_SELECTOR = YES;
				GCC_WARN_UNINITIALIZED_AUTOS = YES_AGGRESSIVE;
				GCC_WARN_UNUSED_FUNCTION = YES;
				GCC_WARN_UNUSED_VARIABLE = YES;
				IPHONEOS_DEPLOYMENT_TARGET = 16.0;
				MTL_ENABLE_DEBUG_INFO = NO;
				MTL_FAST_MATH = YES;
				SDKROOT = iphoneos;
				SWIFT_COMPILATION_MODE = wholemodule;
				SWIFT_OPTIMIZATION_LEVEL = "-O";
				VALIDATE_PRODUCT = YES;
			};
			name = Release;
		};
		210821312AC85E5E00A999AC /* Debug */ = {
			isa = XCBuildConfiguration;
			buildSettings = {
				ASSETCATALOG_COMPILER_APPICON_NAME = AppIcon;
				ASSETCATALOG_COMPILER_GLOBAL_ACCENT_COLOR_NAME = AccentColor;
				CODE_SIGN_STYLE = Automatic;
				CURRENT_PROJECT_VERSION = 1;
				GENERATE_INFOPLIST_FILE = YES;
				INFOPLIST_FILE = NewsJournal/Info.plist;
				INFOPLIST_KEY_UIApplicationSupportsIndirectInputEvents = YES;
				INFOPLIST_KEY_UILaunchStoryboardName = LaunchScreen;
				INFOPLIST_KEY_UISupportedInterfaceOrientations = UIInterfaceOrientationPortrait;
				INFOPLIST_KEY_UISupportedInterfaceOrientations_iPad = "UIInterfaceOrientationLandscapeLeft UIInterfaceOrientationLandscapeRight UIInterfaceOrientationPortrait UIInterfaceOrientationPortraitUpsideDown";
				IPHONEOS_DEPLOYMENT_TARGET = 16.0;
				LD_RUNPATH_SEARCH_PATHS = (
					"$(inherited)",
					"@executable_path/Frameworks",
				);
				MARKETING_VERSION = 1.0;
				PRODUCT_BUNDLE_IDENTIFIER = com.phillyh.NewsJournal;
				PRODUCT_NAME = "$(TARGET_NAME)";
				SUPPORTED_PLATFORMS = "iphoneos iphonesimulator";
				SUPPORTS_MACCATALYST = NO;
				SUPPORTS_MAC_DESIGNED_FOR_IPHONE_IPAD = NO;
				SWIFT_EMIT_LOC_STRINGS = YES;
				SWIFT_VERSION = 5.0;
				TARGETED_DEVICE_FAMILY = 1;
			};
			name = Debug;
		};
		210821322AC85E5E00A999AC /* Release */ = {
			isa = XCBuildConfiguration;
			buildSettings = {
				ASSETCATALOG_COMPILER_APPICON_NAME = AppIcon;
				ASSETCATALOG_COMPILER_GLOBAL_ACCENT_COLOR_NAME = AccentColor;
				CODE_SIGN_STYLE = Automatic;
				CURRENT_PROJECT_VERSION = 1;
				GENERATE_INFOPLIST_FILE = YES;
				INFOPLIST_FILE = NewsJournal/Info.plist;
				INFOPLIST_KEY_UIApplicationSupportsIndirectInputEvents = YES;
				INFOPLIST_KEY_UILaunchStoryboardName = LaunchScreen;
				INFOPLIST_KEY_UISupportedInterfaceOrientations = UIInterfaceOrientationPortrait;
				INFOPLIST_KEY_UISupportedInterfaceOrientations_iPad = "UIInterfaceOrientationLandscapeLeft UIInterfaceOrientationLandscapeRight UIInterfaceOrientationPortrait UIInterfaceOrientationPortraitUpsideDown";
				IPHONEOS_DEPLOYMENT_TARGET = 16.0;
				LD_RUNPATH_SEARCH_PATHS = (
					"$(inherited)",
					"@executable_path/Frameworks",
				);
				MARKETING_VERSION = 1.0;
				PRODUCT_BUNDLE_IDENTIFIER = com.phillyh.NewsJournal;
				PRODUCT_NAME = "$(TARGET_NAME)";
				SUPPORTED_PLATFORMS = "iphoneos iphonesimulator";
				SUPPORTS_MACCATALYST = NO;
				SUPPORTS_MAC_DESIGNED_FOR_IPHONE_IPAD = NO;
				SWIFT_EMIT_LOC_STRINGS = YES;
				SWIFT_VERSION = 5.0;
				TARGETED_DEVICE_FAMILY = 1;
			};
			name = Release;
		};
/* End XCBuildConfiguration section */

/* Begin XCConfigurationList section */
		210821172AC85E5D00A999AC /* Build configuration list for PBXProject "NewsJournal" */ = {
			isa = XCConfigurationList;
			buildConfigurations = (
				2108212E2AC85E5E00A999AC /* Debug */,
				2108212F2AC85E5E00A999AC /* Release */,
			);
			defaultConfigurationIsVisible = 0;
			defaultConfigurationName = Release;
		};
		210821302AC85E5E00A999AC /* Build configuration list for PBXNativeTarget "NewsJournal" */ = {
			isa = XCConfigurationList;
			buildConfigurations = (
				210821312AC85E5E00A999AC /* Debug */,
				210821322AC85E5E00A999AC /* Release */,
			);
			defaultConfigurationIsVisible = 0;
			defaultConfigurationName = Release;
		};
/* End XCConfigurationList section */

/* Begin XCRemoteSwiftPackageReference section */
		210821542AC8654B00A999AC /* XCRemoteSwiftPackageReference "Alamofire" */ = {
			isa = XCRemoteSwiftPackageReference;
			repositoryURL = "https://github.com/Alamofire/Alamofire.git";
			requirement = {
				kind = upToNextMajorVersion;
				minimumVersion = 5.0.0;
			};
		};
		210821572AC8655F00A999AC /* XCRemoteSwiftPackageReference "SnapKit" */ = {
			isa = XCRemoteSwiftPackageReference;
			repositoryURL = "https://github.com/SnapKit/SnapKit.git";
			requirement = {
				kind = upToNextMajorVersion;
				minimumVersion = 5.0.0;
			};
		};
		2108215A2AC8656F00A999AC /* XCRemoteSwiftPackageReference "realm-swift" */ = {
			isa = XCRemoteSwiftPackageReference;
			repositoryURL = "https://github.com/realm/realm-swift.git";
			requirement = {
				kind = upToNextMajorVersion;
				minimumVersion = 10.42.3;
			};
		};
		2180E5562ACAFD4B00CAC283 /* XCRemoteSwiftPackageReference "JDStatusBarNotification" */ = {
			isa = XCRemoteSwiftPackageReference;
			repositoryURL = "https://github.com/calimarkus/JDStatusBarNotification.git";
			requirement = {
				kind = upToNextMajorVersion;
				minimumVersion = 2.0.0;
			};
		};
/* End XCRemoteSwiftPackageReference section */

/* Begin XCSwiftPackageProductDependency section */
		210821552AC8654B00A999AC /* Alamofire */ = {
			isa = XCSwiftPackageProductDependency;
			package = 210821542AC8654B00A999AC /* XCRemoteSwiftPackageReference "Alamofire" */;
			productName = Alamofire;
		};
		210821582AC8655F00A999AC /* SnapKit */ = {
			isa = XCSwiftPackageProductDependency;
			package = 210821572AC8655F00A999AC /* XCRemoteSwiftPackageReference "SnapKit" */;
			productName = SnapKit;
		};
		2108215B2AC8656F00A999AC /* Realm */ = {
			isa = XCSwiftPackageProductDependency;
			package = 2108215A2AC8656F00A999AC /* XCRemoteSwiftPackageReference "realm-swift" */;
			productName = Realm;
		};
		2108215D2AC8656F00A999AC /* RealmSwift */ = {
			isa = XCSwiftPackageProductDependency;
			package = 2108215A2AC8656F00A999AC /* XCRemoteSwiftPackageReference "realm-swift" */;
			productName = RealmSwift;
		};
		2180E5572ACAFD4B00CAC283 /* JDStatusBarNotification */ = {
			isa = XCSwiftPackageProductDependency;
			package = 2180E5562ACAFD4B00CAC283 /* XCRemoteSwiftPackageReference "JDStatusBarNotification" */;
			productName = JDStatusBarNotification;
		};
/* End XCSwiftPackageProductDependency section */
	};
	rootObject = 210821142AC85E5D00A999AC /* Project object */;
}
